
Microsoft Visual Studio Solution File, Format Version 12.00
# Visual Studio Version 17
VisualStudioVersion = 17.9.34723.18
MinimumVisualStudioVersion = 10.0.40219.1
Project("{FAE04EC0-301F-11D3-BF4B-00C04F79EFBC}") = "Prob1000", "Prob1000\Prob1000.csproj", "{7A48165C-2A87-4D92-BAEE-20830204FE7D}"
EndProject
Project("{FAE04EC0-301F-11D3-BF4B-00C04F79EFBC}") = "Prob1001", "Prob1001\Prob1001.csproj", "{4FE3BB5E-E046-49C2-86D2-8C85ADC298E6}"
EndProject
Project("{FAE04EC0-301F-11D3-BF4B-00C04F79EFBC}") = "Prob1011", "Prob1011\Prob1011.csproj", "{94575ECE-1BFC-4836-A9E9-81662C2B033D}"
EndProject
Project("{FAE04EC0-301F-11D3-BF4B-00C04F79EFBC}") = "Prob1018", "Prob1018\Prob1018.csproj", "{8B46E738-A018-48EF-AE91-4D847F8BE910}"
EndProject
Project("{FAE04EC0-301F-11D3-BF4B-00C04F79EFBC}") = "Prob1598", "Prob1598\Prob1598.csproj", "{644A7ED9-0367-46C8-A110-B87C9AF99664}"
EndProject
Project("{FAE04EC0-301F-11D3-BF4B-00C04F79EFBC}") = "Prob1026", "Prob1026\Prob1026.csproj", "{17038D36-147F-461A-A115-FB21F0F96776}"
EndProject
Project("{FAE04EC0-301F-11D3-BF4B-00C04F79EFBC}") = "Prob1076", "Prob1076\Prob1076.csproj", "{D7C00D70-FBAC-46F6-A3DD-43EA7707133A}"
EndProject
Project("{FAE04EC0-301F-11D3-BF4B-00C04F79EFBC}") = "Prob1152", "Prob1152\Prob1152.csproj", "{29D400B0-CAD3-4E30-A163-3A09030855CF}"
EndProject
Project("{FAE04EC0-301F-11D3-BF4B-00C04F79EFBC}") = "Prob1157", "Prob1157\Prob1157.csproj", "{D349297F-73E9-4F9D-8F77-BD8FD5D8CA64}"
EndProject
Project("{FAE04EC0-301F-11D3-BF4B-00C04F79EFBC}") = "Prob1193", "Prob1193\Prob1193.csproj", "{B8EEACFC-157D-4BCE-916B-171CB6EF40F6}"
EndProject
Project("{FAE04EC0-301F-11D3-BF4B-00C04F79EFBC}") = "Prob1259", "Prob1259\Prob1259.csproj", "{BDF2D6D9-6778-417F-8ECD-4784DEF7CE64}"
EndProject
Project("{FAE04EC0-301F-11D3-BF4B-00C04F79EFBC}") = "Prob1264", "Prob1264\Prob1264.csproj", "{930A596F-B342-4606-B7D9-9E14AA349E62}"
EndProject
Project("{FAE04EC0-301F-11D3-BF4B-00C04F79EFBC}") = "Prob1284", "Prob1284\Prob1284.csproj", "{A2622D4B-B663-49B5-89A0-D1E4315E8FA8}"
EndProject
Project("{FAE04EC0-301F-11D3-BF4B-00C04F79EFBC}") = "Prob1316", "Prob1316\Prob1316.csproj", "{3B2BCA9D-BC5B-4424-9F13-B3037B6389C0}"
EndProject
Project("{FAE04EC0-301F-11D3-BF4B-00C04F79EFBC}") = "Prob1330", "Prob1330\Prob1330.csproj", "{30BD54DD-5A5A-4EF3-BDAC-18C563928451}"
EndProject
Project("{FAE04EC0-301F-11D3-BF4B-00C04F79EFBC}") = "Prob1453", "Prob1453\Prob1453.csproj", "{471444A6-644E-4E50-94A3-2E2174846164}"
EndProject
Project("{FAE04EC0-301F-11D3-BF4B-00C04F79EFBC}") = "Prob1546", "Prob1546\Prob1546.csproj", "{7020B87B-E9CE-4D6C-B8F3-8BBD0EA6A4FF}"
EndProject
Project("{FAE04EC0-301F-11D3-BF4B-00C04F79EFBC}") = "Prob1924", "Prob1924\Prob1924.csproj", "{3DE14118-6A51-4CF7-9833-CBF9E80A10A8}"
EndProject
Project("{FAE04EC0-301F-11D3-BF4B-00C04F79EFBC}") = "Prob1932", "Prob1932\Prob1932.csproj", "{0DA0C45B-A7B3-46F6-BBB7-393636C024CC}"
EndProject
Project("{FAE04EC0-301F-11D3-BF4B-00C04F79EFBC}") = "Prob1978", "Prob1978\Prob1978.csproj", "{5D3E234E-404B-4B46-AF5A-E4DEDB877ECD}"
EndProject
Project("{FAE04EC0-301F-11D3-BF4B-00C04F79EFBC}") = "Prob2217", "Prob2217\Prob2217.csproj", "{B8E010B0-FF79-40F9-B4EB-7565A9371B49}"
EndProject
Project("{FAE04EC0-301F-11D3-BF4B-00C04F79EFBC}") = "Prob2292", "Prob2292\Prob2292.csproj", "{C74D7AC5-B1AD-4103-BACE-C7310E1504EC}"
EndProject
Project("{FAE04EC0-301F-11D3-BF4B-00C04F79EFBC}") = "Prob2309", "Prob2309\Prob2309.csproj", "{C30CCFB4-A810-4E35-A0A4-2F5145F1C016}"
EndProject
Project("{FAE04EC0-301F-11D3-BF4B-00C04F79EFBC}") = "Prob2420", "Prob2420\Prob2420.csproj", "{90397641-AF88-4A4B-922F-A35034396CA1}"
EndProject
Project("{FAE04EC0-301F-11D3-BF4B-00C04F79EFBC}") = "Prob2438", "Prob2438\Prob2438.csproj", "{17E65A90-4482-47CE-96C6-5DDB57E48C39}"
EndProject
Project("{FAE04EC0-301F-11D3-BF4B-00C04F79EFBC}") = "Prob2439", "Prob2439\Prob2439.csproj", "{35B1E83C-1B07-4972-8FAA-6B4367D7DC79}"
EndProject
Project("{FAE04EC0-301F-11D3-BF4B-00C04F79EFBC}") = "Prob2440", "Prob2440\Prob2440.csproj", "{1C1B52B4-CA1E-480F-B1CC-E7017D763126}"
EndProject
Project("{FAE04EC0-301F-11D3-BF4B-00C04F79EFBC}") = "Prob2441", "Prob2441\Prob2441.csproj", "{65462D49-D0F3-47F5-877D-1E9B3ACB2428}"
EndProject
Project("{FAE04EC0-301F-11D3-BF4B-00C04F79EFBC}") = "Prob2442", "Prob2442\Prob2442.csproj", "{C729C511-F859-4C70-A9D7-C69BF61F554D}"
EndProject
Project("{FAE04EC0-301F-11D3-BF4B-00C04F79EFBC}") = "Prob2443", "Prob2443\Prob2443.csproj", "{7EBFD5C6-1B78-4529-9263-5837249FB06F}"
EndProject
Project("{FAE04EC0-301F-11D3-BF4B-00C04F79EFBC}") = "Prob2444", "Prob2444\Prob2444.csproj", "{3543E530-4629-40DF-95DF-C2E2F39FC0F6}"
EndProject
Project("{FAE04EC0-301F-11D3-BF4B-00C04F79EFBC}") = "Prob2445", "Prob2445\Prob2445.csproj", "{6B1142AB-563C-4BF8-B519-2423673E0188}"
EndProject
Project("{FAE04EC0-301F-11D3-BF4B-00C04F79EFBC}") = "Prob2446", "Prob2446\Prob2446.csproj", "{876B62DB-D0B8-4782-B953-DD8C940F4CE0}"
EndProject
Project("{FAE04EC0-301F-11D3-BF4B-00C04F79EFBC}") = "Prob2447", "Prob2447\Prob2447.csproj", "{63310CF2-BB48-40F3-A4E8-D665DFEB6690}"
EndProject
Project("{FAE04EC0-301F-11D3-BF4B-00C04F79EFBC}") = "Prob2448", "Prob2448\Prob2448.csproj", "{1323198F-54A3-469A-86FA-5A35B388F787}"
EndProject
Project("{FAE04EC0-301F-11D3-BF4B-00C04F79EFBC}") = "Prob2475", "Prob2475\Prob2475.csproj", "{A12E8E9E-0820-437E-B998-C1BC4E1C9DE7}"
EndProject
Project("{FAE04EC0-301F-11D3-BF4B-00C04F79EFBC}") = "Prob2480", "Prob2480\Prob2480.csproj", "{E8DDF71A-7ADA-4B4C-8505-3A6CA8395E58}"
EndProject
Project("{FAE04EC0-301F-11D3-BF4B-00C04F79EFBC}") = "Prob2501", "Prob2501\Prob2501.csproj", "{FE4E021C-192E-4D40-9C6D-7DBA8BFA5AE2}"
EndProject
Project("{FAE04EC0-301F-11D3-BF4B-00C04F79EFBC}") = "Prob2530", "Prob2530\Prob2530.csproj", "{AF4B4E0B-91EA-4895-A740-55CA86664EAE}"
EndProject
Project("{FAE04EC0-301F-11D3-BF4B-00C04F79EFBC}") = "Prob2557", "Prob2557\Prob2557.csproj", "{10E161DF-A456-45BD-98F9-69B84BED50E9}"
EndProject
Project("{FAE04EC0-301F-11D3-BF4B-00C04F79EFBC}") = "Prob2562", "Prob2562\Prob2562.csproj", "{05469439-1268-468C-A2E5-C65F93429B09}"
EndProject
Project("{FAE04EC0-301F-11D3-BF4B-00C04F79EFBC}") = "Prob2563", "Prob2563\Prob2563.csproj", "{1ADBDD41-88A5-4D36-A12D-A675B7B5AA7B}"
EndProject
Project("{FAE04EC0-301F-11D3-BF4B-00C04F79EFBC}") = "Prob2566", "Prob2566\Prob2566.csproj", "{98CDB068-B78A-40B9-A01A-0A54D2829EAA}"
EndProject
Project("{FAE04EC0-301F-11D3-BF4B-00C04F79EFBC}") = "Prob2576", "Prob2576\Prob2576.csproj", "{1F315AC0-4BC1-4E14-BD2E-8960DA2487C3}"
EndProject
Project("{FAE04EC0-301F-11D3-BF4B-00C04F79EFBC}") = "Prob2577", "Prob2577\Prob2577.csproj", "{BA80F147-4DF9-4FC7-916D-7C4392BB1C77}"
EndProject
Project("{FAE04EC0-301F-11D3-BF4B-00C04F79EFBC}") = "Prob2587", "Prob2587\Prob2587.csproj", "{E6AE3B3B-F9D9-4164-9EF0-3A255A0AD45E}"
EndProject
Project("{FAE04EC0-301F-11D3-BF4B-00C04F79EFBC}") = "Prob2588", "Prob2588\Prob2588.csproj", "{1D492EE2-B192-493F-A878-BA1C46F650C6}"
EndProject
Project("{FAE04EC0-301F-11D3-BF4B-00C04F79EFBC}") = "Prob2592", "Prob2592\Prob2592.csproj", "{972D5422-063F-4333-9A1F-41098653E108}"
EndProject
Project("{FAE04EC0-301F-11D3-BF4B-00C04F79EFBC}") = "Prob2609", "Prob2609\Prob2609.csproj", "{385FFC5A-F9B2-4852-9938-31D906EEC534}"
EndProject
Project("{FAE04EC0-301F-11D3-BF4B-00C04F79EFBC}") = "Prob2675", "Prob2675\Prob2675.csproj", "{8D34570B-C4C8-4D31-97A8-6DBD07C36A6E}"
EndProject
Project("{FAE04EC0-301F-11D3-BF4B-00C04F79EFBC}") = "Prob2720", "Prob2720\Prob2720.csproj", "{906B97C1-EFA5-49CD-BC5B-7A0AD30B6B7B}"
EndProject
Project("{FAE04EC0-301F-11D3-BF4B-00C04F79EFBC}") = "Prob2738", "Prob2738\Prob2738.csproj", "{F5F3C6CA-BCF3-49D5-BBA0-7F3C14382738}"
EndProject
Project("{FAE04EC0-301F-11D3-BF4B-00C04F79EFBC}") = "Prob2739", "Prob2739\Prob2739.csproj", "{22742945-5F5A-4D0D-8247-D57B4F562B3C}"
EndProject
Project("{FAE04EC0-301F-11D3-BF4B-00C04F79EFBC}") = "Prob2741", "Prob2741\Prob2741.csproj", "{59DF28E6-8DA2-46D9-A69D-9B7BDC724E4B}"
EndProject
Project("{FAE04EC0-301F-11D3-BF4B-00C04F79EFBC}") = "Prob2742", "Prob2742\Prob2742.csproj", "{C3514953-2192-4642-AE6D-36B26A89FA0D}"
EndProject
Project("{FAE04EC0-301F-11D3-BF4B-00C04F79EFBC}") = "Prob2743", "Prob2743\Prob2743.csproj", "{D6899C9A-0D4F-4CFD-846C-41A4E4A28944}"
EndProject
Project("{FAE04EC0-301F-11D3-BF4B-00C04F79EFBC}") = "Prob2744", "Prob2744\Prob2744.csproj", "{8A77749F-2C77-4B69-8615-0710503292C0}"
EndProject
Project("{FAE04EC0-301F-11D3-BF4B-00C04F79EFBC}") = "Prob2745", "Prob2745\Prob2745.csproj", "{7918B26F-831E-4E6A-B50D-EE2125BAC427}"
EndProject
Project("{FAE04EC0-301F-11D3-BF4B-00C04F79EFBC}") = "Prob2747", "Prob2747\Prob2747.csproj", "{6AFFDF89-DD85-4D7C-9B8F-80CA02FD0F91}"
EndProject
Project("{FAE04EC0-301F-11D3-BF4B-00C04F79EFBC}") = "Prob2753", "Prob2753\Prob2753.csproj", "{DF488C52-012D-4F76-A144-B3BB424E8127}"
EndProject
Project("{FAE04EC0-301F-11D3-BF4B-00C04F79EFBC}") = "Prob2754", "Prob2754\Prob2754.csproj", "{308F62A2-91A4-41CC-A69D-1C745305E87C}"
EndProject
Project("{FAE04EC0-301F-11D3-BF4B-00C04F79EFBC}") = "Prob2775", "Prob2775\Prob2775.csproj", "{C1787509-C949-4896-AF24-F174CF0C3C36}"
EndProject
Project("{FAE04EC0-301F-11D3-BF4B-00C04F79EFBC}") = "Prob2839", "Prob2839\Prob2839.csproj", "{90BD1B75-EDD3-4C08-8C8B-6E52FB763686}"
EndProject
Project("{FAE04EC0-301F-11D3-BF4B-00C04F79EFBC}") = "Prob2845", "Prob2845\Prob2845.csproj", "{5D728487-19A7-4BF8-85AF-4AE3384214F7}"
EndProject
Project("{FAE04EC0-301F-11D3-BF4B-00C04F79EFBC}") = "Prob2869", "Prob2869\Prob2869.csproj", "{E55D3046-8A6C-4D16-9A52-77122348EF9E}"
EndProject
Project("{FAE04EC0-301F-11D3-BF4B-00C04F79EFBC}") = "Prob2884", "Prob2884\Prob2884.csproj", "{4E5DB2EE-98D4-4514-A214-F84832980A2B}"
EndProject
Project("{FAE04EC0-301F-11D3-BF4B-00C04F79EFBC}") = "Prob2903", "Prob2903\Prob2903.csproj", "{E1049CA1-A342-4C8A-99B9-141A724487DC}"
EndProject
Project("{FAE04EC0-301F-11D3-BF4B-00C04F79EFBC}") = "Prob2908", "Prob2908\Prob2908.csproj", "{C530E6AA-A326-43B4-9E5A-9AFEF354F18D}"
EndProject
Project("{FAE04EC0-301F-11D3-BF4B-00C04F79EFBC}") = "Prob2920", "Prob2920\Prob2920.csproj", "{C9E65B34-D0AE-46C7-AB59-861119B7D939}"
EndProject
Project("{FAE04EC0-301F-11D3-BF4B-00C04F79EFBC}") = "Prob2941", "Prob2941\Prob2941.csproj", "{E647DC36-59B6-43B3-A561-B31B5FB3BC5D}"
EndProject
Project("{FAE04EC0-301F-11D3-BF4B-00C04F79EFBC}") = "Prob2947", "Prob2947\Prob2947.csproj", "{928B866F-C453-46F2-B2DF-A160C97B1FDF}"
EndProject
Project("{FAE04EC0-301F-11D3-BF4B-00C04F79EFBC}") = "Prob2960", "Prob2960\Prob2960.csproj", "{A74C889E-6329-47BA-A01B-9253FEFDAC91}"
EndProject
Project("{FAE04EC0-301F-11D3-BF4B-00C04F79EFBC}") = "Prob2997", "Prob2997\Prob2997.csproj", "{5288EDA8-DDDF-4BA4-8BD1-A72842E5748C}"
EndProject
Project("{FAE04EC0-301F-11D3-BF4B-00C04F79EFBC}") = "Prob3003", "Prob3003\Prob3003.csproj", "{D6E5DD7C-B15D-490D-8CD4-55930F941E68}"
EndProject
Project("{FAE04EC0-301F-11D3-BF4B-00C04F79EFBC}") = "Prob4344", "Prob4344\Prob4344.csproj", "{23F10C1C-CBC0-4C37-9967-A8B8AFF82EAC}"
EndProject
Project("{FAE04EC0-301F-11D3-BF4B-00C04F79EFBC}") = "Prob4470", "Prob4470\Prob4470.csproj", "{B2A5543A-15B5-4460-AFE8-FE083E6CEF39}"
EndProject
Project("{FAE04EC0-301F-11D3-BF4B-00C04F79EFBC}") = "Prob5063", "Prob5063\Prob5063.csproj", "{D2E5094A-B91F-4C44-A328-6CA40E7787DF}"
EndProject
Project("{FAE04EC0-301F-11D3-BF4B-00C04F79EFBC}") = "Prob5073", "Prob5073\Prob5073.csproj", "{99E82669-06AA-4C79-97F7-217E86AF8B6C}"
EndProject
Project("{FAE04EC0-301F-11D3-BF4B-00C04F79EFBC}") = "Prob5086", "Prob5086\Prob5086.csproj", "{4A085352-9376-4657-B90E-22B795D50783}"
EndProject
Project("{FAE04EC0-301F-11D3-BF4B-00C04F79EFBC}") = "Prob5354", "Prob5354\Prob5354.csproj", "{1757DC7A-D91E-44CA-8625-59BB82FC8E0C}"
EndProject
Project("{FAE04EC0-301F-11D3-BF4B-00C04F79EFBC}") = "Prob5523", "Prob5523\Prob5523.csproj", "{514EE62D-0866-4762-B9BF-8BB3CC699837}"
EndProject
Project("{FAE04EC0-301F-11D3-BF4B-00C04F79EFBC}") = "Prob5596", "Prob5596\Prob5596.csproj", "{E13EA2F6-133A-41A3-9862-590FDDF40547}"
EndProject
Project("{FAE04EC0-301F-11D3-BF4B-00C04F79EFBC}") = "Prob5597", "Prob5597\Prob5597.csproj", "{E947921F-3DEF-4B32-B98D-E2A62AA7BE32}"
EndProject
Project("{FAE04EC0-301F-11D3-BF4B-00C04F79EFBC}") = "Prob5622", "Prob5622\Prob5622.csproj", "{2E984D30-5697-4EC8-BEA2-5F10E6E1633B}"
EndProject
Project("{FAE04EC0-301F-11D3-BF4B-00C04F79EFBC}") = "Prob5800", "Prob5800\Prob5800.csproj", "{3914C860-0EC8-4234-9050-0A014875EAA1}"
EndProject
Project("{FAE04EC0-301F-11D3-BF4B-00C04F79EFBC}") = "Prob7287", "Prob7287\Prob7287.csproj", "{875612E2-7AFD-4FDE-B0D9-72DB5D1986FD}"
EndProject
Project("{FAE04EC0-301F-11D3-BF4B-00C04F79EFBC}") = "Prob8393", "Prob8393\Prob8393.csproj", "{8557710F-54B8-4DA0-BD32-013A06630577}"
EndProject
Project("{FAE04EC0-301F-11D3-BF4B-00C04F79EFBC}") = "Prob9086", "Prob9086\Prob9086.csproj", "{C3D18506-C919-468A-8A6C-AA55A92F709F}"
EndProject
Project("{FAE04EC0-301F-11D3-BF4B-00C04F79EFBC}") = "Prob9498", "Prob9498\Prob9498.csproj", "{96967F77-4C1F-4718-9426-48F207758325}"
EndProject
Project("{FAE04EC0-301F-11D3-BF4B-00C04F79EFBC}") = "Prob9506", "Prob9506\Prob9506.csproj", "{B43DE539-139B-4A1D-AA81-4A5EC00C9B20}"
EndProject
Project("{FAE04EC0-301F-11D3-BF4B-00C04F79EFBC}") = "Prob10039", "Prob10039\Prob10039.csproj", "{F1E416E2-2C4F-48CC-9E5E-9C88CEEAC686}"
EndProject
Project("{FAE04EC0-301F-11D3-BF4B-00C04F79EFBC}") = "Prob10156", "Prob10156\Prob10156.csproj", "{A9623DA9-5AA6-415D-8EBD-A413FD740568}"
EndProject
Project("{FAE04EC0-301F-11D3-BF4B-00C04F79EFBC}") = "Prob10171", "Prob10171\Prob10171.csproj", "{5D2AB37A-EF21-47A4-8986-9D38F58FE59E}"
EndProject
Project("{FAE04EC0-301F-11D3-BF4B-00C04F79EFBC}") = "Prob10172", "Prob10172\Prob10172.csproj", "{475F8FEB-5522-4CE7-843A-9FA42FF4D354}"
EndProject
Project("{FAE04EC0-301F-11D3-BF4B-00C04F79EFBC}") = "Prob10430", "Prob10430\Prob10430.csproj", "{2EBA8891-22F3-4FCF-B3AA-9598DDB029EF}"
EndProject
Project("{FAE04EC0-301F-11D3-BF4B-00C04F79EFBC}") = "Prob10699", "Prob10699\Prob10699.csproj", "{AD0E7A33-BE8B-4959-B1E6-DCC779A1B854}"
EndProject
Project("{FAE04EC0-301F-11D3-BF4B-00C04F79EFBC}") = "Prob10798", "Prob10798\Prob10798.csproj", "{C0D21322-C6B3-4DE6-93C5-1F63A7185F32}"
EndProject
Project("{FAE04EC0-301F-11D3-BF4B-00C04F79EFBC}") = "Prob10809", "Prob10809\Prob10809.csproj", "{23EC1CEE-9085-4070-9760-F9C9FB033035}"
EndProject
Project("{FAE04EC0-301F-11D3-BF4B-00C04F79EFBC}") = "Prob10811", "Prob10811\Prob10811.csproj", "{33350EDB-932A-4A6F-83AA-D95074EFCE5F}"
EndProject
Project("{FAE04EC0-301F-11D3-BF4B-00C04F79EFBC}") = "Prob10818", "Prob10818\Prob10818.csproj", "{9A05CCCB-1C0D-4658-98EB-D41CD770FC37}"
EndProject
Project("{FAE04EC0-301F-11D3-BF4B-00C04F79EFBC}") = "Prob10820", "Prob10820\Prob10820.csproj", "{56D1E5A0-2129-4FFD-9BA8-A49DD49A21D9}"
EndProject
Project("{FAE04EC0-301F-11D3-BF4B-00C04F79EFBC}") = "Prob10869", "Prob10869\Prob10869.csproj", "{48AEA5F6-786F-44C6-80B7-286AFA50DD48}"
EndProject
Project("{FAE04EC0-301F-11D3-BF4B-00C04F79EFBC}") = "Prob10871", "Prob10871\Prob10871.csproj", "{EA1E846C-625B-4524-A23F-19C8C84869B2}"
EndProject
Project("{FAE04EC0-301F-11D3-BF4B-00C04F79EFBC}") = "Prob10872", "Prob10872\Prob10872.csproj", "{F96B8491-CD88-4D27-BB23-91A1A8BB5A1A}"
EndProject
Project("{FAE04EC0-301F-11D3-BF4B-00C04F79EFBC}") = "Prob10926", "Prob10926\Prob10926.csproj", "{2EB0C161-EEAB-4332-BE74-E264FDA4F7F3}"
EndProject
Project("{FAE04EC0-301F-11D3-BF4B-00C04F79EFBC}") = "Prob10988", "Prob10988\Prob10988.csproj", "{11A6C667-6A91-49FD-9D23-A5A2625FA7E4}"
EndProject
Project("{FAE04EC0-301F-11D3-BF4B-00C04F79EFBC}") = "Prob10989", "Prob10989\Prob10989.csproj", "{C3ED94D4-F934-40FF-9C49-C24D7FD884F2}"
EndProject
Project("{FAE04EC0-301F-11D3-BF4B-00C04F79EFBC}") = "Prob11005", "Prob11005\Prob11005.csproj", "{59036E02-C248-4452-955E-83B74748A710}"
EndProject
Project("{FAE04EC0-301F-11D3-BF4B-00C04F79EFBC}") = "Prob11021", "Prob11021\Prob11021.csproj", "{CEAE5D9C-81EB-4C6F-8037-20E1E6EA44B2}"
EndProject
Project("{FAE04EC0-301F-11D3-BF4B-00C04F79EFBC}") = "Prob11382", "Prob11382\Prob11382.csproj", "{0F403ECF-9DD6-4BF8-8724-E15BA4327A48}"
EndProject
Project("{FAE04EC0-301F-11D3-BF4B-00C04F79EFBC}") = "Prob11637", "Prob11637\Prob11637.csproj", "{797DA9AA-AEEA-46C1-A942-5871531DBFFB}"
EndProject
Project("{FAE04EC0-301F-11D3-BF4B-00C04F79EFBC}") = "Prob11654", "Prob11654\Prob11654.csproj", "{EFFCB65A-5F16-473F-8433-0308DF233764}"
EndProject
Project("{FAE04EC0-301F-11D3-BF4B-00C04F79EFBC}") = "Prob11660", "Prob11660\Prob11660.csproj", "{2C886136-3F37-46E1-9E6D-7C0411A59E0A}"
EndProject
Project("{FAE04EC0-301F-11D3-BF4B-00C04F79EFBC}") = "Prob11720", "Prob11720\Prob11720.csproj", "{2A3F4D6D-2E5C-4AAE-A247-710921CBB1DD}"
EndProject
Project("{FAE04EC0-301F-11D3-BF4B-00C04F79EFBC}") = "Prob11966", "Prob11966\Prob11966.csproj", "{B551FB37-435E-45CF-B557-35832DCEAA0F}"
EndProject
Project("{FAE04EC0-301F-11D3-BF4B-00C04F79EFBC}") = "Prob14652", "Prob14652\Prob14652.csproj", "{63C65C01-F1FC-482D-A50F-03DA7FE5C7F4}"
EndProject
Project("{FAE04EC0-301F-11D3-BF4B-00C04F79EFBC}") = "Prob14681", "Prob14681\Prob14681.csproj", "{327F89E6-F562-494B-9453-F882AD793236}"
EndProject
Project("{FAE04EC0-301F-11D3-BF4B-00C04F79EFBC}") = "Prob15894", "Prob15894\Prob15894.csproj", "{47C2298B-B9A2-4C4F-AB18-AB12395A00C4}"
EndProject
Project("{FAE04EC0-301F-11D3-BF4B-00C04F79EFBC}") = "Prob15964", "Prob15964\Prob15964.csproj", "{F711CFAE-2045-42BD-B501-A4EE4414B2FD}"
EndProject
Project("{FAE04EC0-301F-11D3-BF4B-00C04F79EFBC}") = "Prob16199", "Prob16199\Prob16199.csproj", "{66D07EFA-A2B5-40E6-AFE2-DFDA5AC2B641}"
EndProject
Project("{FAE04EC0-301F-11D3-BF4B-00C04F79EFBC}") = "Prob16430", "Prob16430\Prob16430.csproj", "{CFB8FACE-7D04-434C-95B9-91DDE317BDC5}"
EndProject
Project("{FAE04EC0-301F-11D3-BF4B-00C04F79EFBC}") = "Prob25083", "Prob25083\Prob25083.csproj", "{BC076941-7549-41A0-8087-D8C0F4D95C9C}"
EndProject
Project("{FAE04EC0-301F-11D3-BF4B-00C04F79EFBC}") = "Prob25206", "Prob25206\Prob25206.csproj", "{CA4B308A-DB04-4341-8AB9-A564E385E493}"
EndProject
Project("{FAE04EC0-301F-11D3-BF4B-00C04F79EFBC}") = "Prob25238", "Prob25238\Prob25238.csproj", "{34B3EFB4-24B4-4513-8767-729EC3D079F5}"
EndProject
Project("{FAE04EC0-301F-11D3-BF4B-00C04F79EFBC}") = "Prob25304", "Prob25304\Prob25304.csproj", "{F7FB7B36-393B-473B-80B8-FC3402F5E190}"
EndProject
Project("{FAE04EC0-301F-11D3-BF4B-00C04F79EFBC}") = "Prob25314", "Prob25314\Prob25314.csproj", "{A4738410-C19D-4790-97A6-4467475BA7DF}"
EndProject
Project("{FAE04EC0-301F-11D3-BF4B-00C04F79EFBC}") = "Prob27866", "Prob27866\Prob27866.csproj", "{90D4FF46-9D43-4864-9A76-B18B381E3866}"
EndProject
Project("{FAE04EC0-301F-11D3-BF4B-00C04F79EFBC}") = "Prob11718", "Prob11718\Prob11718.csproj", "{CA7C041C-D4B8-4D42-B4D6-121C3AC6AED4}"
EndProject
Project("{FAE04EC0-301F-11D3-BF4B-00C04F79EFBC}") = "Prob10828", "Prob10828\Prob10828.csproj", "{772C93CB-D3EE-4158-932D-3D2675F74887}"
EndProject
Project("{FAE04EC0-301F-11D3-BF4B-00C04F79EFBC}") = "Prob10845", "Prob10845\Prob10845.csproj", "{B6E238A8-5A87-4161-98D3-C4D4C17397CD}"
EndProject
Project("{FAE04EC0-301F-11D3-BF4B-00C04F79EFBC}") = "Prob10824", "Prob10824\Prob10824.csproj", "{77D2B407-F2D0-4F20-ACC7-2F685FB83AFD}"
EndProject
Project("{FAE04EC0-301F-11D3-BF4B-00C04F79EFBC}") = "Prob10757", "Prob10757\Prob10757.csproj", "{D1970004-52C2-4A9C-810F-A42F94E02DDC}"
EndProject
Project("{FAE04EC0-301F-11D3-BF4B-00C04F79EFBC}") = "Prob11659", "Prob11659\Prob11659.csproj", "{14DAFBC7-EDEF-48C3-8272-9ACEE703CA62}"
EndProject
Project("{FAE04EC0-301F-11D3-BF4B-00C04F79EFBC}") = "Prob11383", "Prob11383\Prob11383.csproj", "{47E9C423-7E47-42BC-8548-182CC7C2451C}"
EndProject
Global
	GlobalSection(SolutionConfigurationPlatforms) = preSolution
		Debug|Any CPU = Debug|Any CPU
		Release|Any CPU = Release|Any CPU
	EndGlobalSection
	GlobalSection(ProjectConfigurationPlatforms) = postSolution
		{7A48165C-2A87-4D92-BAEE-20830204FE7D}.Debug|Any CPU.ActiveCfg = Debug|Any CPU
		{7A48165C-2A87-4D92-BAEE-20830204FE7D}.Debug|Any CPU.Build.0 = Debug|Any CPU
		{7A48165C-2A87-4D92-BAEE-20830204FE7D}.Release|Any CPU.ActiveCfg = Release|Any CPU
		{7A48165C-2A87-4D92-BAEE-20830204FE7D}.Release|Any CPU.Build.0 = Release|Any CPU
		{4FE3BB5E-E046-49C2-86D2-8C85ADC298E6}.Debug|Any CPU.ActiveCfg = Debug|Any CPU
		{4FE3BB5E-E046-49C2-86D2-8C85ADC298E6}.Debug|Any CPU.Build.0 = Debug|Any CPU
		{4FE3BB5E-E046-49C2-86D2-8C85ADC298E6}.Release|Any CPU.ActiveCfg = Release|Any CPU
		{4FE3BB5E-E046-49C2-86D2-8C85ADC298E6}.Release|Any CPU.Build.0 = Release|Any CPU
		{94575ECE-1BFC-4836-A9E9-81662C2B033D}.Debug|Any CPU.ActiveCfg = Debug|Any CPU
		{94575ECE-1BFC-4836-A9E9-81662C2B033D}.Debug|Any CPU.Build.0 = Debug|Any CPU
		{94575ECE-1BFC-4836-A9E9-81662C2B033D}.Release|Any CPU.ActiveCfg = Release|Any CPU
		{94575ECE-1BFC-4836-A9E9-81662C2B033D}.Release|Any CPU.Build.0 = Release|Any CPU
		{8B46E738-A018-48EF-AE91-4D847F8BE910}.Debug|Any CPU.ActiveCfg = Debug|Any CPU
		{8B46E738-A018-48EF-AE91-4D847F8BE910}.Debug|Any CPU.Build.0 = Debug|Any CPU
		{8B46E738-A018-48EF-AE91-4D847F8BE910}.Release|Any CPU.ActiveCfg = Release|Any CPU
		{8B46E738-A018-48EF-AE91-4D847F8BE910}.Release|Any CPU.Build.0 = Release|Any CPU
		{644A7ED9-0367-46C8-A110-B87C9AF99664}.Debug|Any CPU.ActiveCfg = Debug|Any CPU
		{644A7ED9-0367-46C8-A110-B87C9AF99664}.Debug|Any CPU.Build.0 = Debug|Any CPU
		{644A7ED9-0367-46C8-A110-B87C9AF99664}.Release|Any CPU.ActiveCfg = Release|Any CPU
		{644A7ED9-0367-46C8-A110-B87C9AF99664}.Release|Any CPU.Build.0 = Release|Any CPU
		{17038D36-147F-461A-A115-FB21F0F96776}.Debug|Any CPU.ActiveCfg = Debug|Any CPU
		{17038D36-147F-461A-A115-FB21F0F96776}.Debug|Any CPU.Build.0 = Debug|Any CPU
		{17038D36-147F-461A-A115-FB21F0F96776}.Release|Any CPU.ActiveCfg = Release|Any CPU
		{17038D36-147F-461A-A115-FB21F0F96776}.Release|Any CPU.Build.0 = Release|Any CPU
		{D7C00D70-FBAC-46F6-A3DD-43EA7707133A}.Debug|Any CPU.ActiveCfg = Debug|Any CPU
		{D7C00D70-FBAC-46F6-A3DD-43EA7707133A}.Debug|Any CPU.Build.0 = Debug|Any CPU
		{D7C00D70-FBAC-46F6-A3DD-43EA7707133A}.Release|Any CPU.ActiveCfg = Release|Any CPU
		{D7C00D70-FBAC-46F6-A3DD-43EA7707133A}.Release|Any CPU.Build.0 = Release|Any CPU
		{29D400B0-CAD3-4E30-A163-3A09030855CF}.Debug|Any CPU.ActiveCfg = Debug|Any CPU
		{29D400B0-CAD3-4E30-A163-3A09030855CF}.Debug|Any CPU.Build.0 = Debug|Any CPU
		{29D400B0-CAD3-4E30-A163-3A09030855CF}.Release|Any CPU.ActiveCfg = Release|Any CPU
		{29D400B0-CAD3-4E30-A163-3A09030855CF}.Release|Any CPU.Build.0 = Release|Any CPU
		{D349297F-73E9-4F9D-8F77-BD8FD5D8CA64}.Debug|Any CPU.ActiveCfg = Debug|Any CPU
		{D349297F-73E9-4F9D-8F77-BD8FD5D8CA64}.Debug|Any CPU.Build.0 = Debug|Any CPU
		{D349297F-73E9-4F9D-8F77-BD8FD5D8CA64}.Release|Any CPU.ActiveCfg = Release|Any CPU
		{D349297F-73E9-4F9D-8F77-BD8FD5D8CA64}.Release|Any CPU.Build.0 = Release|Any CPU
		{B8EEACFC-157D-4BCE-916B-171CB6EF40F6}.Debug|Any CPU.ActiveCfg = Debug|Any CPU
		{B8EEACFC-157D-4BCE-916B-171CB6EF40F6}.Debug|Any CPU.Build.0 = Debug|Any CPU
		{B8EEACFC-157D-4BCE-916B-171CB6EF40F6}.Release|Any CPU.ActiveCfg = Release|Any CPU
		{B8EEACFC-157D-4BCE-916B-171CB6EF40F6}.Release|Any CPU.Build.0 = Release|Any CPU
		{BDF2D6D9-6778-417F-8ECD-4784DEF7CE64}.Debug|Any CPU.ActiveCfg = Debug|Any CPU
		{BDF2D6D9-6778-417F-8ECD-4784DEF7CE64}.Debug|Any CPU.Build.0 = Debug|Any CPU
		{BDF2D6D9-6778-417F-8ECD-4784DEF7CE64}.Release|Any CPU.ActiveCfg = Release|Any CPU
		{BDF2D6D9-6778-417F-8ECD-4784DEF7CE64}.Release|Any CPU.Build.0 = Release|Any CPU
		{930A596F-B342-4606-B7D9-9E14AA349E62}.Debug|Any CPU.ActiveCfg = Debug|Any CPU
		{930A596F-B342-4606-B7D9-9E14AA349E62}.Debug|Any CPU.Build.0 = Debug|Any CPU
		{930A596F-B342-4606-B7D9-9E14AA349E62}.Release|Any CPU.ActiveCfg = Release|Any CPU
		{930A596F-B342-4606-B7D9-9E14AA349E62}.Release|Any CPU.Build.0 = Release|Any CPU
		{A2622D4B-B663-49B5-89A0-D1E4315E8FA8}.Debug|Any CPU.ActiveCfg = Debug|Any CPU
		{A2622D4B-B663-49B5-89A0-D1E4315E8FA8}.Debug|Any CPU.Build.0 = Debug|Any CPU
		{A2622D4B-B663-49B5-89A0-D1E4315E8FA8}.Release|Any CPU.ActiveCfg = Release|Any CPU
		{A2622D4B-B663-49B5-89A0-D1E4315E8FA8}.Release|Any CPU.Build.0 = Release|Any CPU
		{3B2BCA9D-BC5B-4424-9F13-B3037B6389C0}.Debug|Any CPU.ActiveCfg = Debug|Any CPU
		{3B2BCA9D-BC5B-4424-9F13-B3037B6389C0}.Debug|Any CPU.Build.0 = Debug|Any CPU
		{3B2BCA9D-BC5B-4424-9F13-B3037B6389C0}.Release|Any CPU.ActiveCfg = Release|Any CPU
		{3B2BCA9D-BC5B-4424-9F13-B3037B6389C0}.Release|Any CPU.Build.0 = Release|Any CPU
		{30BD54DD-5A5A-4EF3-BDAC-18C563928451}.Debug|Any CPU.ActiveCfg = Debug|Any CPU
		{30BD54DD-5A5A-4EF3-BDAC-18C563928451}.Debug|Any CPU.Build.0 = Debug|Any CPU
		{30BD54DD-5A5A-4EF3-BDAC-18C563928451}.Release|Any CPU.ActiveCfg = Release|Any CPU
		{30BD54DD-5A5A-4EF3-BDAC-18C563928451}.Release|Any CPU.Build.0 = Release|Any CPU
		{471444A6-644E-4E50-94A3-2E2174846164}.Debug|Any CPU.ActiveCfg = Debug|Any CPU
		{471444A6-644E-4E50-94A3-2E2174846164}.Debug|Any CPU.Build.0 = Debug|Any CPU
		{471444A6-644E-4E50-94A3-2E2174846164}.Release|Any CPU.ActiveCfg = Release|Any CPU
		{471444A6-644E-4E50-94A3-2E2174846164}.Release|Any CPU.Build.0 = Release|Any CPU
		{7020B87B-E9CE-4D6C-B8F3-8BBD0EA6A4FF}.Debug|Any CPU.ActiveCfg = Debug|Any CPU
		{7020B87B-E9CE-4D6C-B8F3-8BBD0EA6A4FF}.Debug|Any CPU.Build.0 = Debug|Any CPU
		{7020B87B-E9CE-4D6C-B8F3-8BBD0EA6A4FF}.Release|Any CPU.ActiveCfg = Release|Any CPU
		{7020B87B-E9CE-4D6C-B8F3-8BBD0EA6A4FF}.Release|Any CPU.Build.0 = Release|Any CPU
		{3DE14118-6A51-4CF7-9833-CBF9E80A10A8}.Debug|Any CPU.ActiveCfg = Debug|Any CPU
		{3DE14118-6A51-4CF7-9833-CBF9E80A10A8}.Debug|Any CPU.Build.0 = Debug|Any CPU
		{3DE14118-6A51-4CF7-9833-CBF9E80A10A8}.Release|Any CPU.ActiveCfg = Release|Any CPU
		{3DE14118-6A51-4CF7-9833-CBF9E80A10A8}.Release|Any CPU.Build.0 = Release|Any CPU
		{0DA0C45B-A7B3-46F6-BBB7-393636C024CC}.Debug|Any CPU.ActiveCfg = Debug|Any CPU
		{0DA0C45B-A7B3-46F6-BBB7-393636C024CC}.Debug|Any CPU.Build.0 = Debug|Any CPU
		{0DA0C45B-A7B3-46F6-BBB7-393636C024CC}.Release|Any CPU.ActiveCfg = Release|Any CPU
		{0DA0C45B-A7B3-46F6-BBB7-393636C024CC}.Release|Any CPU.Build.0 = Release|Any CPU
		{5D3E234E-404B-4B46-AF5A-E4DEDB877ECD}.Debug|Any CPU.ActiveCfg = Debug|Any CPU
		{5D3E234E-404B-4B46-AF5A-E4DEDB877ECD}.Debug|Any CPU.Build.0 = Debug|Any CPU
		{5D3E234E-404B-4B46-AF5A-E4DEDB877ECD}.Release|Any CPU.ActiveCfg = Release|Any CPU
		{5D3E234E-404B-4B46-AF5A-E4DEDB877ECD}.Release|Any CPU.Build.0 = Release|Any CPU
		{B8E010B0-FF79-40F9-B4EB-7565A9371B49}.Debug|Any CPU.ActiveCfg = Debug|Any CPU
		{B8E010B0-FF79-40F9-B4EB-7565A9371B49}.Debug|Any CPU.Build.0 = Debug|Any CPU
		{B8E010B0-FF79-40F9-B4EB-7565A9371B49}.Release|Any CPU.ActiveCfg = Release|Any CPU
		{B8E010B0-FF79-40F9-B4EB-7565A9371B49}.Release|Any CPU.Build.0 = Release|Any CPU
		{C74D7AC5-B1AD-4103-BACE-C7310E1504EC}.Debug|Any CPU.ActiveCfg = Debug|Any CPU
		{C74D7AC5-B1AD-4103-BACE-C7310E1504EC}.Debug|Any CPU.Build.0 = Debug|Any CPU
		{C74D7AC5-B1AD-4103-BACE-C7310E1504EC}.Release|Any CPU.ActiveCfg = Release|Any CPU
		{C74D7AC5-B1AD-4103-BACE-C7310E1504EC}.Release|Any CPU.Build.0 = Release|Any CPU
		{C30CCFB4-A810-4E35-A0A4-2F5145F1C016}.Debug|Any CPU.ActiveCfg = Debug|Any CPU
		{C30CCFB4-A810-4E35-A0A4-2F5145F1C016}.Debug|Any CPU.Build.0 = Debug|Any CPU
		{C30CCFB4-A810-4E35-A0A4-2F5145F1C016}.Release|Any CPU.ActiveCfg = Release|Any CPU
		{C30CCFB4-A810-4E35-A0A4-2F5145F1C016}.Release|Any CPU.Build.0 = Release|Any CPU
		{90397641-AF88-4A4B-922F-A35034396CA1}.Debug|Any CPU.ActiveCfg = Debug|Any CPU
		{90397641-AF88-4A4B-922F-A35034396CA1}.Debug|Any CPU.Build.0 = Debug|Any CPU
		{90397641-AF88-4A4B-922F-A35034396CA1}.Release|Any CPU.ActiveCfg = Release|Any CPU
		{90397641-AF88-4A4B-922F-A35034396CA1}.Release|Any CPU.Build.0 = Release|Any CPU
		{17E65A90-4482-47CE-96C6-5DDB57E48C39}.Debug|Any CPU.ActiveCfg = Debug|Any CPU
		{17E65A90-4482-47CE-96C6-5DDB57E48C39}.Debug|Any CPU.Build.0 = Debug|Any CPU
		{17E65A90-4482-47CE-96C6-5DDB57E48C39}.Release|Any CPU.ActiveCfg = Release|Any CPU
		{17E65A90-4482-47CE-96C6-5DDB57E48C39}.Release|Any CPU.Build.0 = Release|Any CPU
		{35B1E83C-1B07-4972-8FAA-6B4367D7DC79}.Debug|Any CPU.ActiveCfg = Debug|Any CPU
		{35B1E83C-1B07-4972-8FAA-6B4367D7DC79}.Debug|Any CPU.Build.0 = Debug|Any CPU
		{35B1E83C-1B07-4972-8FAA-6B4367D7DC79}.Release|Any CPU.ActiveCfg = Release|Any CPU
		{35B1E83C-1B07-4972-8FAA-6B4367D7DC79}.Release|Any CPU.Build.0 = Release|Any CPU
		{1C1B52B4-CA1E-480F-B1CC-E7017D763126}.Debug|Any CPU.ActiveCfg = Debug|Any CPU
		{1C1B52B4-CA1E-480F-B1CC-E7017D763126}.Debug|Any CPU.Build.0 = Debug|Any CPU
		{1C1B52B4-CA1E-480F-B1CC-E7017D763126}.Release|Any CPU.ActiveCfg = Release|Any CPU
		{1C1B52B4-CA1E-480F-B1CC-E7017D763126}.Release|Any CPU.Build.0 = Release|Any CPU
		{65462D49-D0F3-47F5-877D-1E9B3ACB2428}.Debug|Any CPU.ActiveCfg = Debug|Any CPU
		{65462D49-D0F3-47F5-877D-1E9B3ACB2428}.Debug|Any CPU.Build.0 = Debug|Any CPU
		{65462D49-D0F3-47F5-877D-1E9B3ACB2428}.Release|Any CPU.ActiveCfg = Release|Any CPU
		{65462D49-D0F3-47F5-877D-1E9B3ACB2428}.Release|Any CPU.Build.0 = Release|Any CPU
		{C729C511-F859-4C70-A9D7-C69BF61F554D}.Debug|Any CPU.ActiveCfg = Debug|Any CPU
		{C729C511-F859-4C70-A9D7-C69BF61F554D}.Debug|Any CPU.Build.0 = Debug|Any CPU
		{C729C511-F859-4C70-A9D7-C69BF61F554D}.Release|Any CPU.ActiveCfg = Release|Any CPU
		{C729C511-F859-4C70-A9D7-C69BF61F554D}.Release|Any CPU.Build.0 = Release|Any CPU
		{7EBFD5C6-1B78-4529-9263-5837249FB06F}.Debug|Any CPU.ActiveCfg = Debug|Any CPU
		{7EBFD5C6-1B78-4529-9263-5837249FB06F}.Debug|Any CPU.Build.0 = Debug|Any CPU
		{7EBFD5C6-1B78-4529-9263-5837249FB06F}.Release|Any CPU.ActiveCfg = Release|Any CPU
		{7EBFD5C6-1B78-4529-9263-5837249FB06F}.Release|Any CPU.Build.0 = Release|Any CPU
		{3543E530-4629-40DF-95DF-C2E2F39FC0F6}.Debug|Any CPU.ActiveCfg = Debug|Any CPU
		{3543E530-4629-40DF-95DF-C2E2F39FC0F6}.Debug|Any CPU.Build.0 = Debug|Any CPU
		{3543E530-4629-40DF-95DF-C2E2F39FC0F6}.Release|Any CPU.ActiveCfg = Release|Any CPU
		{3543E530-4629-40DF-95DF-C2E2F39FC0F6}.Release|Any CPU.Build.0 = Release|Any CPU
		{6B1142AB-563C-4BF8-B519-2423673E0188}.Debug|Any CPU.ActiveCfg = Debug|Any CPU
		{6B1142AB-563C-4BF8-B519-2423673E0188}.Debug|Any CPU.Build.0 = Debug|Any CPU
		{6B1142AB-563C-4BF8-B519-2423673E0188}.Release|Any CPU.ActiveCfg = Release|Any CPU
		{6B1142AB-563C-4BF8-B519-2423673E0188}.Release|Any CPU.Build.0 = Release|Any CPU
		{876B62DB-D0B8-4782-B953-DD8C940F4CE0}.Debug|Any CPU.ActiveCfg = Debug|Any CPU
		{876B62DB-D0B8-4782-B953-DD8C940F4CE0}.Debug|Any CPU.Build.0 = Debug|Any CPU
		{876B62DB-D0B8-4782-B953-DD8C940F4CE0}.Release|Any CPU.ActiveCfg = Release|Any CPU
		{876B62DB-D0B8-4782-B953-DD8C940F4CE0}.Release|Any CPU.Build.0 = Release|Any CPU
		{63310CF2-BB48-40F3-A4E8-D665DFEB6690}.Debug|Any CPU.ActiveCfg = Debug|Any CPU
		{63310CF2-BB48-40F3-A4E8-D665DFEB6690}.Debug|Any CPU.Build.0 = Debug|Any CPU
		{63310CF2-BB48-40F3-A4E8-D665DFEB6690}.Release|Any CPU.ActiveCfg = Release|Any CPU
		{63310CF2-BB48-40F3-A4E8-D665DFEB6690}.Release|Any CPU.Build.0 = Release|Any CPU
		{1323198F-54A3-469A-86FA-5A35B388F787}.Debug|Any CPU.ActiveCfg = Debug|Any CPU
		{1323198F-54A3-469A-86FA-5A35B388F787}.Debug|Any CPU.Build.0 = Debug|Any CPU
		{1323198F-54A3-469A-86FA-5A35B388F787}.Release|Any CPU.ActiveCfg = Release|Any CPU
		{1323198F-54A3-469A-86FA-5A35B388F787}.Release|Any CPU.Build.0 = Release|Any CPU
		{A12E8E9E-0820-437E-B998-C1BC4E1C9DE7}.Debug|Any CPU.ActiveCfg = Debug|Any CPU
		{A12E8E9E-0820-437E-B998-C1BC4E1C9DE7}.Debug|Any CPU.Build.0 = Debug|Any CPU
		{A12E8E9E-0820-437E-B998-C1BC4E1C9DE7}.Release|Any CPU.ActiveCfg = Release|Any CPU
		{A12E8E9E-0820-437E-B998-C1BC4E1C9DE7}.Release|Any CPU.Build.0 = Release|Any CPU
		{E8DDF71A-7ADA-4B4C-8505-3A6CA8395E58}.Debug|Any CPU.ActiveCfg = Debug|Any CPU
		{E8DDF71A-7ADA-4B4C-8505-3A6CA8395E58}.Debug|Any CPU.Build.0 = Debug|Any CPU
		{E8DDF71A-7ADA-4B4C-8505-3A6CA8395E58}.Release|Any CPU.ActiveCfg = Release|Any CPU
		{E8DDF71A-7ADA-4B4C-8505-3A6CA8395E58}.Release|Any CPU.Build.0 = Release|Any CPU
		{FE4E021C-192E-4D40-9C6D-7DBA8BFA5AE2}.Debug|Any CPU.ActiveCfg = Debug|Any CPU
		{FE4E021C-192E-4D40-9C6D-7DBA8BFA5AE2}.Debug|Any CPU.Build.0 = Debug|Any CPU
		{FE4E021C-192E-4D40-9C6D-7DBA8BFA5AE2}.Release|Any CPU.ActiveCfg = Release|Any CPU
		{FE4E021C-192E-4D40-9C6D-7DBA8BFA5AE2}.Release|Any CPU.Build.0 = Release|Any CPU
		{AF4B4E0B-91EA-4895-A740-55CA86664EAE}.Debug|Any CPU.ActiveCfg = Debug|Any CPU
		{AF4B4E0B-91EA-4895-A740-55CA86664EAE}.Debug|Any CPU.Build.0 = Debug|Any CPU
		{AF4B4E0B-91EA-4895-A740-55CA86664EAE}.Release|Any CPU.ActiveCfg = Release|Any CPU
		{AF4B4E0B-91EA-4895-A740-55CA86664EAE}.Release|Any CPU.Build.0 = Release|Any CPU
		{10E161DF-A456-45BD-98F9-69B84BED50E9}.Debug|Any CPU.ActiveCfg = Debug|Any CPU
		{10E161DF-A456-45BD-98F9-69B84BED50E9}.Debug|Any CPU.Build.0 = Debug|Any CPU
		{10E161DF-A456-45BD-98F9-69B84BED50E9}.Release|Any CPU.ActiveCfg = Release|Any CPU
		{10E161DF-A456-45BD-98F9-69B84BED50E9}.Release|Any CPU.Build.0 = Release|Any CPU
		{05469439-1268-468C-A2E5-C65F93429B09}.Debug|Any CPU.ActiveCfg = Debug|Any CPU
		{05469439-1268-468C-A2E5-C65F93429B09}.Debug|Any CPU.Build.0 = Debug|Any CPU
		{05469439-1268-468C-A2E5-C65F93429B09}.Release|Any CPU.ActiveCfg = Release|Any CPU
		{05469439-1268-468C-A2E5-C65F93429B09}.Release|Any CPU.Build.0 = Release|Any CPU
		{1ADBDD41-88A5-4D36-A12D-A675B7B5AA7B}.Debug|Any CPU.ActiveCfg = Debug|Any CPU
		{1ADBDD41-88A5-4D36-A12D-A675B7B5AA7B}.Debug|Any CPU.Build.0 = Debug|Any CPU
		{1ADBDD41-88A5-4D36-A12D-A675B7B5AA7B}.Release|Any CPU.ActiveCfg = Release|Any CPU
		{1ADBDD41-88A5-4D36-A12D-A675B7B5AA7B}.Release|Any CPU.Build.0 = Release|Any CPU
		{98CDB068-B78A-40B9-A01A-0A54D2829EAA}.Debug|Any CPU.ActiveCfg = Debug|Any CPU
		{98CDB068-B78A-40B9-A01A-0A54D2829EAA}.Debug|Any CPU.Build.0 = Debug|Any CPU
		{98CDB068-B78A-40B9-A01A-0A54D2829EAA}.Release|Any CPU.ActiveCfg = Release|Any CPU
		{98CDB068-B78A-40B9-A01A-0A54D2829EAA}.Release|Any CPU.Build.0 = Release|Any CPU
		{1F315AC0-4BC1-4E14-BD2E-8960DA2487C3}.Debug|Any CPU.ActiveCfg = Debug|Any CPU
		{1F315AC0-4BC1-4E14-BD2E-8960DA2487C3}.Debug|Any CPU.Build.0 = Debug|Any CPU
		{1F315AC0-4BC1-4E14-BD2E-8960DA2487C3}.Release|Any CPU.ActiveCfg = Release|Any CPU
		{1F315AC0-4BC1-4E14-BD2E-8960DA2487C3}.Release|Any CPU.Build.0 = Release|Any CPU
		{BA80F147-4DF9-4FC7-916D-7C4392BB1C77}.Debug|Any CPU.ActiveCfg = Debug|Any CPU
		{BA80F147-4DF9-4FC7-916D-7C4392BB1C77}.Debug|Any CPU.Build.0 = Debug|Any CPU
		{BA80F147-4DF9-4FC7-916D-7C4392BB1C77}.Release|Any CPU.ActiveCfg = Release|Any CPU
		{BA80F147-4DF9-4FC7-916D-7C4392BB1C77}.Release|Any CPU.Build.0 = Release|Any CPU
		{E6AE3B3B-F9D9-4164-9EF0-3A255A0AD45E}.Debug|Any CPU.ActiveCfg = Debug|Any CPU
		{E6AE3B3B-F9D9-4164-9EF0-3A255A0AD45E}.Debug|Any CPU.Build.0 = Debug|Any CPU
		{E6AE3B3B-F9D9-4164-9EF0-3A255A0AD45E}.Release|Any CPU.ActiveCfg = Release|Any CPU
		{E6AE3B3B-F9D9-4164-9EF0-3A255A0AD45E}.Release|Any CPU.Build.0 = Release|Any CPU
		{1D492EE2-B192-493F-A878-BA1C46F650C6}.Debug|Any CPU.ActiveCfg = Debug|Any CPU
		{1D492EE2-B192-493F-A878-BA1C46F650C6}.Debug|Any CPU.Build.0 = Debug|Any CPU
		{1D492EE2-B192-493F-A878-BA1C46F650C6}.Release|Any CPU.ActiveCfg = Release|Any CPU
		{1D492EE2-B192-493F-A878-BA1C46F650C6}.Release|Any CPU.Build.0 = Release|Any CPU
		{972D5422-063F-4333-9A1F-41098653E108}.Debug|Any CPU.ActiveCfg = Debug|Any CPU
		{972D5422-063F-4333-9A1F-41098653E108}.Debug|Any CPU.Build.0 = Debug|Any CPU
		{972D5422-063F-4333-9A1F-41098653E108}.Release|Any CPU.ActiveCfg = Release|Any CPU
		{972D5422-063F-4333-9A1F-41098653E108}.Release|Any CPU.Build.0 = Release|Any CPU
		{385FFC5A-F9B2-4852-9938-31D906EEC534}.Debug|Any CPU.ActiveCfg = Debug|Any CPU
		{385FFC5A-F9B2-4852-9938-31D906EEC534}.Debug|Any CPU.Build.0 = Debug|Any CPU
		{385FFC5A-F9B2-4852-9938-31D906EEC534}.Release|Any CPU.ActiveCfg = Release|Any CPU
		{385FFC5A-F9B2-4852-9938-31D906EEC534}.Release|Any CPU.Build.0 = Release|Any CPU
		{8D34570B-C4C8-4D31-97A8-6DBD07C36A6E}.Debug|Any CPU.ActiveCfg = Debug|Any CPU
		{8D34570B-C4C8-4D31-97A8-6DBD07C36A6E}.Debug|Any CPU.Build.0 = Debug|Any CPU
		{8D34570B-C4C8-4D31-97A8-6DBD07C36A6E}.Release|Any CPU.ActiveCfg = Release|Any CPU
		{8D34570B-C4C8-4D31-97A8-6DBD07C36A6E}.Release|Any CPU.Build.0 = Release|Any CPU
		{906B97C1-EFA5-49CD-BC5B-7A0AD30B6B7B}.Debug|Any CPU.ActiveCfg = Debug|Any CPU
		{906B97C1-EFA5-49CD-BC5B-7A0AD30B6B7B}.Debug|Any CPU.Build.0 = Debug|Any CPU
		{906B97C1-EFA5-49CD-BC5B-7A0AD30B6B7B}.Release|Any CPU.ActiveCfg = Release|Any CPU
		{906B97C1-EFA5-49CD-BC5B-7A0AD30B6B7B}.Release|Any CPU.Build.0 = Release|Any CPU
		{F5F3C6CA-BCF3-49D5-BBA0-7F3C14382738}.Debug|Any CPU.ActiveCfg = Debug|Any CPU
		{F5F3C6CA-BCF3-49D5-BBA0-7F3C14382738}.Debug|Any CPU.Build.0 = Debug|Any CPU
		{F5F3C6CA-BCF3-49D5-BBA0-7F3C14382738}.Release|Any CPU.ActiveCfg = Release|Any CPU
		{F5F3C6CA-BCF3-49D5-BBA0-7F3C14382738}.Release|Any CPU.Build.0 = Release|Any CPU
		{22742945-5F5A-4D0D-8247-D57B4F562B3C}.Debug|Any CPU.ActiveCfg = Debug|Any CPU
		{22742945-5F5A-4D0D-8247-D57B4F562B3C}.Debug|Any CPU.Build.0 = Debug|Any CPU
		{22742945-5F5A-4D0D-8247-D57B4F562B3C}.Release|Any CPU.ActiveCfg = Release|Any CPU
		{22742945-5F5A-4D0D-8247-D57B4F562B3C}.Release|Any CPU.Build.0 = Release|Any CPU
		{59DF28E6-8DA2-46D9-A69D-9B7BDC724E4B}.Debug|Any CPU.ActiveCfg = Debug|Any CPU
		{59DF28E6-8DA2-46D9-A69D-9B7BDC724E4B}.Debug|Any CPU.Build.0 = Debug|Any CPU
		{59DF28E6-8DA2-46D9-A69D-9B7BDC724E4B}.Release|Any CPU.ActiveCfg = Release|Any CPU
		{59DF28E6-8DA2-46D9-A69D-9B7BDC724E4B}.Release|Any CPU.Build.0 = Release|Any CPU
		{C3514953-2192-4642-AE6D-36B26A89FA0D}.Debug|Any CPU.ActiveCfg = Debug|Any CPU
		{C3514953-2192-4642-AE6D-36B26A89FA0D}.Debug|Any CPU.Build.0 = Debug|Any CPU
		{C3514953-2192-4642-AE6D-36B26A89FA0D}.Release|Any CPU.ActiveCfg = Release|Any CPU
		{C3514953-2192-4642-AE6D-36B26A89FA0D}.Release|Any CPU.Build.0 = Release|Any CPU
		{D6899C9A-0D4F-4CFD-846C-41A4E4A28944}.Debug|Any CPU.ActiveCfg = Debug|Any CPU
		{D6899C9A-0D4F-4CFD-846C-41A4E4A28944}.Debug|Any CPU.Build.0 = Debug|Any CPU
		{D6899C9A-0D4F-4CFD-846C-41A4E4A28944}.Release|Any CPU.ActiveCfg = Release|Any CPU
		{D6899C9A-0D4F-4CFD-846C-41A4E4A28944}.Release|Any CPU.Build.0 = Release|Any CPU
		{8A77749F-2C77-4B69-8615-0710503292C0}.Debug|Any CPU.ActiveCfg = Debug|Any CPU
		{8A77749F-2C77-4B69-8615-0710503292C0}.Debug|Any CPU.Build.0 = Debug|Any CPU
		{8A77749F-2C77-4B69-8615-0710503292C0}.Release|Any CPU.ActiveCfg = Release|Any CPU
		{8A77749F-2C77-4B69-8615-0710503292C0}.Release|Any CPU.Build.0 = Release|Any CPU
		{7918B26F-831E-4E6A-B50D-EE2125BAC427}.Debug|Any CPU.ActiveCfg = Debug|Any CPU
		{7918B26F-831E-4E6A-B50D-EE2125BAC427}.Debug|Any CPU.Build.0 = Debug|Any CPU
		{7918B26F-831E-4E6A-B50D-EE2125BAC427}.Release|Any CPU.ActiveCfg = Release|Any CPU
		{7918B26F-831E-4E6A-B50D-EE2125BAC427}.Release|Any CPU.Build.0 = Release|Any CPU
		{6AFFDF89-DD85-4D7C-9B8F-80CA02FD0F91}.Debug|Any CPU.ActiveCfg = Debug|Any CPU
		{6AFFDF89-DD85-4D7C-9B8F-80CA02FD0F91}.Debug|Any CPU.Build.0 = Debug|Any CPU
		{6AFFDF89-DD85-4D7C-9B8F-80CA02FD0F91}.Release|Any CPU.ActiveCfg = Release|Any CPU
		{6AFFDF89-DD85-4D7C-9B8F-80CA02FD0F91}.Release|Any CPU.Build.0 = Release|Any CPU
		{DF488C52-012D-4F76-A144-B3BB424E8127}.Debug|Any CPU.ActiveCfg = Debug|Any CPU
		{DF488C52-012D-4F76-A144-B3BB424E8127}.Debug|Any CPU.Build.0 = Debug|Any CPU
		{DF488C52-012D-4F76-A144-B3BB424E8127}.Release|Any CPU.ActiveCfg = Release|Any CPU
		{DF488C52-012D-4F76-A144-B3BB424E8127}.Release|Any CPU.Build.0 = Release|Any CPU
		{308F62A2-91A4-41CC-A69D-1C745305E87C}.Debug|Any CPU.ActiveCfg = Debug|Any CPU
		{308F62A2-91A4-41CC-A69D-1C745305E87C}.Debug|Any CPU.Build.0 = Debug|Any CPU
		{308F62A2-91A4-41CC-A69D-1C745305E87C}.Release|Any CPU.ActiveCfg = Release|Any CPU
		{308F62A2-91A4-41CC-A69D-1C745305E87C}.Release|Any CPU.Build.0 = Release|Any CPU
		{C1787509-C949-4896-AF24-F174CF0C3C36}.Debug|Any CPU.ActiveCfg = Debug|Any CPU
		{C1787509-C949-4896-AF24-F174CF0C3C36}.Debug|Any CPU.Build.0 = Debug|Any CPU
		{C1787509-C949-4896-AF24-F174CF0C3C36}.Release|Any CPU.ActiveCfg = Release|Any CPU
		{C1787509-C949-4896-AF24-F174CF0C3C36}.Release|Any CPU.Build.0 = Release|Any CPU
		{90BD1B75-EDD3-4C08-8C8B-6E52FB763686}.Debug|Any CPU.ActiveCfg = Debug|Any CPU
		{90BD1B75-EDD3-4C08-8C8B-6E52FB763686}.Debug|Any CPU.Build.0 = Debug|Any CPU
		{90BD1B75-EDD3-4C08-8C8B-6E52FB763686}.Release|Any CPU.ActiveCfg = Release|Any CPU
		{90BD1B75-EDD3-4C08-8C8B-6E52FB763686}.Release|Any CPU.Build.0 = Release|Any CPU
		{5D728487-19A7-4BF8-85AF-4AE3384214F7}.Debug|Any CPU.ActiveCfg = Debug|Any CPU
		{5D728487-19A7-4BF8-85AF-4AE3384214F7}.Debug|Any CPU.Build.0 = Debug|Any CPU
		{5D728487-19A7-4BF8-85AF-4AE3384214F7}.Release|Any CPU.ActiveCfg = Release|Any CPU
		{5D728487-19A7-4BF8-85AF-4AE3384214F7}.Release|Any CPU.Build.0 = Release|Any CPU
		{E55D3046-8A6C-4D16-9A52-77122348EF9E}.Debug|Any CPU.ActiveCfg = Debug|Any CPU
		{E55D3046-8A6C-4D16-9A52-77122348EF9E}.Debug|Any CPU.Build.0 = Debug|Any CPU
		{E55D3046-8A6C-4D16-9A52-77122348EF9E}.Release|Any CPU.ActiveCfg = Release|Any CPU
		{E55D3046-8A6C-4D16-9A52-77122348EF9E}.Release|Any CPU.Build.0 = Release|Any CPU
		{4E5DB2EE-98D4-4514-A214-F84832980A2B}.Debug|Any CPU.ActiveCfg = Debug|Any CPU
		{4E5DB2EE-98D4-4514-A214-F84832980A2B}.Debug|Any CPU.Build.0 = Debug|Any CPU
		{4E5DB2EE-98D4-4514-A214-F84832980A2B}.Release|Any CPU.ActiveCfg = Release|Any CPU
		{4E5DB2EE-98D4-4514-A214-F84832980A2B}.Release|Any CPU.Build.0 = Release|Any CPU
		{E1049CA1-A342-4C8A-99B9-141A724487DC}.Debug|Any CPU.ActiveCfg = Debug|Any CPU
		{E1049CA1-A342-4C8A-99B9-141A724487DC}.Debug|Any CPU.Build.0 = Debug|Any CPU
		{E1049CA1-A342-4C8A-99B9-141A724487DC}.Release|Any CPU.ActiveCfg = Release|Any CPU
		{E1049CA1-A342-4C8A-99B9-141A724487DC}.Release|Any CPU.Build.0 = Release|Any CPU
		{C530E6AA-A326-43B4-9E5A-9AFEF354F18D}.Debug|Any CPU.ActiveCfg = Debug|Any CPU
		{C530E6AA-A326-43B4-9E5A-9AFEF354F18D}.Debug|Any CPU.Build.0 = Debug|Any CPU
		{C530E6AA-A326-43B4-9E5A-9AFEF354F18D}.Release|Any CPU.ActiveCfg = Release|Any CPU
		{C530E6AA-A326-43B4-9E5A-9AFEF354F18D}.Release|Any CPU.Build.0 = Release|Any CPU
		{C9E65B34-D0AE-46C7-AB59-861119B7D939}.Debug|Any CPU.ActiveCfg = Debug|Any CPU
		{C9E65B34-D0AE-46C7-AB59-861119B7D939}.Debug|Any CPU.Build.0 = Debug|Any CPU
		{C9E65B34-D0AE-46C7-AB59-861119B7D939}.Release|Any CPU.ActiveCfg = Release|Any CPU
		{C9E65B34-D0AE-46C7-AB59-861119B7D939}.Release|Any CPU.Build.0 = Release|Any CPU
		{E647DC36-59B6-43B3-A561-B31B5FB3BC5D}.Debug|Any CPU.ActiveCfg = Debug|Any CPU
		{E647DC36-59B6-43B3-A561-B31B5FB3BC5D}.Debug|Any CPU.Build.0 = Debug|Any CPU
		{E647DC36-59B6-43B3-A561-B31B5FB3BC5D}.Release|Any CPU.ActiveCfg = Release|Any CPU
		{E647DC36-59B6-43B3-A561-B31B5FB3BC5D}.Release|Any CPU.Build.0 = Release|Any CPU
		{928B866F-C453-46F2-B2DF-A160C97B1FDF}.Debug|Any CPU.ActiveCfg = Debug|Any CPU
		{928B866F-C453-46F2-B2DF-A160C97B1FDF}.Debug|Any CPU.Build.0 = Debug|Any CPU
		{928B866F-C453-46F2-B2DF-A160C97B1FDF}.Release|Any CPU.ActiveCfg = Release|Any CPU
		{928B866F-C453-46F2-B2DF-A160C97B1FDF}.Release|Any CPU.Build.0 = Release|Any CPU
		{A74C889E-6329-47BA-A01B-9253FEFDAC91}.Debug|Any CPU.ActiveCfg = Debug|Any CPU
		{A74C889E-6329-47BA-A01B-9253FEFDAC91}.Debug|Any CPU.Build.0 = Debug|Any CPU
		{A74C889E-6329-47BA-A01B-9253FEFDAC91}.Release|Any CPU.ActiveCfg = Release|Any CPU
		{A74C889E-6329-47BA-A01B-9253FEFDAC91}.Release|Any CPU.Build.0 = Release|Any CPU
		{5288EDA8-DDDF-4BA4-8BD1-A72842E5748C}.Debug|Any CPU.ActiveCfg = Debug|Any CPU
		{5288EDA8-DDDF-4BA4-8BD1-A72842E5748C}.Debug|Any CPU.Build.0 = Debug|Any CPU
		{5288EDA8-DDDF-4BA4-8BD1-A72842E5748C}.Release|Any CPU.ActiveCfg = Release|Any CPU
		{5288EDA8-DDDF-4BA4-8BD1-A72842E5748C}.Release|Any CPU.Build.0 = Release|Any CPU
		{D6E5DD7C-B15D-490D-8CD4-55930F941E68}.Debug|Any CPU.ActiveCfg = Debug|Any CPU
		{D6E5DD7C-B15D-490D-8CD4-55930F941E68}.Debug|Any CPU.Build.0 = Debug|Any CPU
		{D6E5DD7C-B15D-490D-8CD4-55930F941E68}.Release|Any CPU.ActiveCfg = Release|Any CPU
		{D6E5DD7C-B15D-490D-8CD4-55930F941E68}.Release|Any CPU.Build.0 = Release|Any CPU
		{23F10C1C-CBC0-4C37-9967-A8B8AFF82EAC}.Debug|Any CPU.ActiveCfg = Debug|Any CPU
		{23F10C1C-CBC0-4C37-9967-A8B8AFF82EAC}.Debug|Any CPU.Build.0 = Debug|Any CPU
		{23F10C1C-CBC0-4C37-9967-A8B8AFF82EAC}.Release|Any CPU.ActiveCfg = Release|Any CPU
		{23F10C1C-CBC0-4C37-9967-A8B8AFF82EAC}.Release|Any CPU.Build.0 = Release|Any CPU
		{B2A5543A-15B5-4460-AFE8-FE083E6CEF39}.Debug|Any CPU.ActiveCfg = Debug|Any CPU
		{B2A5543A-15B5-4460-AFE8-FE083E6CEF39}.Debug|Any CPU.Build.0 = Debug|Any CPU
		{B2A5543A-15B5-4460-AFE8-FE083E6CEF39}.Release|Any CPU.ActiveCfg = Release|Any CPU
		{B2A5543A-15B5-4460-AFE8-FE083E6CEF39}.Release|Any CPU.Build.0 = Release|Any CPU
		{D2E5094A-B91F-4C44-A328-6CA40E7787DF}.Debug|Any CPU.ActiveCfg = Debug|Any CPU
		{D2E5094A-B91F-4C44-A328-6CA40E7787DF}.Debug|Any CPU.Build.0 = Debug|Any CPU
		{D2E5094A-B91F-4C44-A328-6CA40E7787DF}.Release|Any CPU.ActiveCfg = Release|Any CPU
		{D2E5094A-B91F-4C44-A328-6CA40E7787DF}.Release|Any CPU.Build.0 = Release|Any CPU
		{99E82669-06AA-4C79-97F7-217E86AF8B6C}.Debug|Any CPU.ActiveCfg = Debug|Any CPU
		{99E82669-06AA-4C79-97F7-217E86AF8B6C}.Debug|Any CPU.Build.0 = Debug|Any CPU
		{99E82669-06AA-4C79-97F7-217E86AF8B6C}.Release|Any CPU.ActiveCfg = Release|Any CPU
		{99E82669-06AA-4C79-97F7-217E86AF8B6C}.Release|Any CPU.Build.0 = Release|Any CPU
		{4A085352-9376-4657-B90E-22B795D50783}.Debug|Any CPU.ActiveCfg = Debug|Any CPU
		{4A085352-9376-4657-B90E-22B795D50783}.Debug|Any CPU.Build.0 = Debug|Any CPU
		{4A085352-9376-4657-B90E-22B795D50783}.Release|Any CPU.ActiveCfg = Release|Any CPU
		{4A085352-9376-4657-B90E-22B795D50783}.Release|Any CPU.Build.0 = Release|Any CPU
		{1757DC7A-D91E-44CA-8625-59BB82FC8E0C}.Debug|Any CPU.ActiveCfg = Debug|Any CPU
		{1757DC7A-D91E-44CA-8625-59BB82FC8E0C}.Debug|Any CPU.Build.0 = Debug|Any CPU
		{1757DC7A-D91E-44CA-8625-59BB82FC8E0C}.Release|Any CPU.ActiveCfg = Release|Any CPU
		{1757DC7A-D91E-44CA-8625-59BB82FC8E0C}.Release|Any CPU.Build.0 = Release|Any CPU
		{514EE62D-0866-4762-B9BF-8BB3CC699837}.Debug|Any CPU.ActiveCfg = Debug|Any CPU
		{514EE62D-0866-4762-B9BF-8BB3CC699837}.Debug|Any CPU.Build.0 = Debug|Any CPU
		{514EE62D-0866-4762-B9BF-8BB3CC699837}.Release|Any CPU.ActiveCfg = Release|Any CPU
		{514EE62D-0866-4762-B9BF-8BB3CC699837}.Release|Any CPU.Build.0 = Release|Any CPU
		{E13EA2F6-133A-41A3-9862-590FDDF40547}.Debug|Any CPU.ActiveCfg = Debug|Any CPU
		{E13EA2F6-133A-41A3-9862-590FDDF40547}.Debug|Any CPU.Build.0 = Debug|Any CPU
		{E13EA2F6-133A-41A3-9862-590FDDF40547}.Release|Any CPU.ActiveCfg = Release|Any CPU
		{E13EA2F6-133A-41A3-9862-590FDDF40547}.Release|Any CPU.Build.0 = Release|Any CPU
		{E947921F-3DEF-4B32-B98D-E2A62AA7BE32}.Debug|Any CPU.ActiveCfg = Debug|Any CPU
		{E947921F-3DEF-4B32-B98D-E2A62AA7BE32}.Debug|Any CPU.Build.0 = Debug|Any CPU
		{E947921F-3DEF-4B32-B98D-E2A62AA7BE32}.Release|Any CPU.ActiveCfg = Release|Any CPU
		{E947921F-3DEF-4B32-B98D-E2A62AA7BE32}.Release|Any CPU.Build.0 = Release|Any CPU
		{2E984D30-5697-4EC8-BEA2-5F10E6E1633B}.Debug|Any CPU.ActiveCfg = Debug|Any CPU
		{2E984D30-5697-4EC8-BEA2-5F10E6E1633B}.Debug|Any CPU.Build.0 = Debug|Any CPU
		{2E984D30-5697-4EC8-BEA2-5F10E6E1633B}.Release|Any CPU.ActiveCfg = Release|Any CPU
		{2E984D30-5697-4EC8-BEA2-5F10E6E1633B}.Release|Any CPU.Build.0 = Release|Any CPU
		{3914C860-0EC8-4234-9050-0A014875EAA1}.Debug|Any CPU.ActiveCfg = Debug|Any CPU
		{3914C860-0EC8-4234-9050-0A014875EAA1}.Debug|Any CPU.Build.0 = Debug|Any CPU
		{3914C860-0EC8-4234-9050-0A014875EAA1}.Release|Any CPU.ActiveCfg = Release|Any CPU
		{3914C860-0EC8-4234-9050-0A014875EAA1}.Release|Any CPU.Build.0 = Release|Any CPU
		{875612E2-7AFD-4FDE-B0D9-72DB5D1986FD}.Debug|Any CPU.ActiveCfg = Debug|Any CPU
		{875612E2-7AFD-4FDE-B0D9-72DB5D1986FD}.Debug|Any CPU.Build.0 = Debug|Any CPU
		{875612E2-7AFD-4FDE-B0D9-72DB5D1986FD}.Release|Any CPU.ActiveCfg = Release|Any CPU
		{875612E2-7AFD-4FDE-B0D9-72DB5D1986FD}.Release|Any CPU.Build.0 = Release|Any CPU
		{8557710F-54B8-4DA0-BD32-013A06630577}.Debug|Any CPU.ActiveCfg = Debug|Any CPU
		{8557710F-54B8-4DA0-BD32-013A06630577}.Debug|Any CPU.Build.0 = Debug|Any CPU
		{8557710F-54B8-4DA0-BD32-013A06630577}.Release|Any CPU.ActiveCfg = Release|Any CPU
		{8557710F-54B8-4DA0-BD32-013A06630577}.Release|Any CPU.Build.0 = Release|Any CPU
		{C3D18506-C919-468A-8A6C-AA55A92F709F}.Debug|Any CPU.ActiveCfg = Debug|Any CPU
		{C3D18506-C919-468A-8A6C-AA55A92F709F}.Debug|Any CPU.Build.0 = Debug|Any CPU
		{C3D18506-C919-468A-8A6C-AA55A92F709F}.Release|Any CPU.ActiveCfg = Release|Any CPU
		{C3D18506-C919-468A-8A6C-AA55A92F709F}.Release|Any CPU.Build.0 = Release|Any CPU
		{96967F77-4C1F-4718-9426-48F207758325}.Debug|Any CPU.ActiveCfg = Debug|Any CPU
		{96967F77-4C1F-4718-9426-48F207758325}.Debug|Any CPU.Build.0 = Debug|Any CPU
		{96967F77-4C1F-4718-9426-48F207758325}.Release|Any CPU.ActiveCfg = Release|Any CPU
		{96967F77-4C1F-4718-9426-48F207758325}.Release|Any CPU.Build.0 = Release|Any CPU
		{B43DE539-139B-4A1D-AA81-4A5EC00C9B20}.Debug|Any CPU.ActiveCfg = Debug|Any CPU
		{B43DE539-139B-4A1D-AA81-4A5EC00C9B20}.Debug|Any CPU.Build.0 = Debug|Any CPU
		{B43DE539-139B-4A1D-AA81-4A5EC00C9B20}.Release|Any CPU.ActiveCfg = Release|Any CPU
		{B43DE539-139B-4A1D-AA81-4A5EC00C9B20}.Release|Any CPU.Build.0 = Release|Any CPU
		{F1E416E2-2C4F-48CC-9E5E-9C88CEEAC686}.Debug|Any CPU.ActiveCfg = Debug|Any CPU
		{F1E416E2-2C4F-48CC-9E5E-9C88CEEAC686}.Debug|Any CPU.Build.0 = Debug|Any CPU
		{F1E416E2-2C4F-48CC-9E5E-9C88CEEAC686}.Release|Any CPU.ActiveCfg = Release|Any CPU
		{F1E416E2-2C4F-48CC-9E5E-9C88CEEAC686}.Release|Any CPU.Build.0 = Release|Any CPU
		{A9623DA9-5AA6-415D-8EBD-A413FD740568}.Debug|Any CPU.ActiveCfg = Debug|Any CPU
		{A9623DA9-5AA6-415D-8EBD-A413FD740568}.Debug|Any CPU.Build.0 = Debug|Any CPU
		{A9623DA9-5AA6-415D-8EBD-A413FD740568}.Release|Any CPU.ActiveCfg = Release|Any CPU
		{A9623DA9-5AA6-415D-8EBD-A413FD740568}.Release|Any CPU.Build.0 = Release|Any CPU
		{5D2AB37A-EF21-47A4-8986-9D38F58FE59E}.Debug|Any CPU.ActiveCfg = Debug|Any CPU
		{5D2AB37A-EF21-47A4-8986-9D38F58FE59E}.Debug|Any CPU.Build.0 = Debug|Any CPU
		{5D2AB37A-EF21-47A4-8986-9D38F58FE59E}.Release|Any CPU.ActiveCfg = Release|Any CPU
		{5D2AB37A-EF21-47A4-8986-9D38F58FE59E}.Release|Any CPU.Build.0 = Release|Any CPU
		{475F8FEB-5522-4CE7-843A-9FA42FF4D354}.Debug|Any CPU.ActiveCfg = Debug|Any CPU
		{475F8FEB-5522-4CE7-843A-9FA42FF4D354}.Debug|Any CPU.Build.0 = Debug|Any CPU
		{475F8FEB-5522-4CE7-843A-9FA42FF4D354}.Release|Any CPU.ActiveCfg = Release|Any CPU
		{475F8FEB-5522-4CE7-843A-9FA42FF4D354}.Release|Any CPU.Build.0 = Release|Any CPU
		{2EBA8891-22F3-4FCF-B3AA-9598DDB029EF}.Debug|Any CPU.ActiveCfg = Debug|Any CPU
		{2EBA8891-22F3-4FCF-B3AA-9598DDB029EF}.Debug|Any CPU.Build.0 = Debug|Any CPU
		{2EBA8891-22F3-4FCF-B3AA-9598DDB029EF}.Release|Any CPU.ActiveCfg = Release|Any CPU
		{2EBA8891-22F3-4FCF-B3AA-9598DDB029EF}.Release|Any CPU.Build.0 = Release|Any CPU
		{AD0E7A33-BE8B-4959-B1E6-DCC779A1B854}.Debug|Any CPU.ActiveCfg = Debug|Any CPU
		{AD0E7A33-BE8B-4959-B1E6-DCC779A1B854}.Debug|Any CPU.Build.0 = Debug|Any CPU
		{AD0E7A33-BE8B-4959-B1E6-DCC779A1B854}.Release|Any CPU.ActiveCfg = Release|Any CPU
		{AD0E7A33-BE8B-4959-B1E6-DCC779A1B854}.Release|Any CPU.Build.0 = Release|Any CPU
		{C0D21322-C6B3-4DE6-93C5-1F63A7185F32}.Debug|Any CPU.ActiveCfg = Debug|Any CPU
		{C0D21322-C6B3-4DE6-93C5-1F63A7185F32}.Debug|Any CPU.Build.0 = Debug|Any CPU
		{C0D21322-C6B3-4DE6-93C5-1F63A7185F32}.Release|Any CPU.ActiveCfg = Release|Any CPU
		{C0D21322-C6B3-4DE6-93C5-1F63A7185F32}.Release|Any CPU.Build.0 = Release|Any CPU
		{23EC1CEE-9085-4070-9760-F9C9FB033035}.Debug|Any CPU.ActiveCfg = Debug|Any CPU
		{23EC1CEE-9085-4070-9760-F9C9FB033035}.Debug|Any CPU.Build.0 = Debug|Any CPU
		{23EC1CEE-9085-4070-9760-F9C9FB033035}.Release|Any CPU.ActiveCfg = Release|Any CPU
		{23EC1CEE-9085-4070-9760-F9C9FB033035}.Release|Any CPU.Build.0 = Release|Any CPU
		{33350EDB-932A-4A6F-83AA-D95074EFCE5F}.Debug|Any CPU.ActiveCfg = Debug|Any CPU
		{33350EDB-932A-4A6F-83AA-D95074EFCE5F}.Debug|Any CPU.Build.0 = Debug|Any CPU
		{33350EDB-932A-4A6F-83AA-D95074EFCE5F}.Release|Any CPU.ActiveCfg = Release|Any CPU
		{33350EDB-932A-4A6F-83AA-D95074EFCE5F}.Release|Any CPU.Build.0 = Release|Any CPU
		{9A05CCCB-1C0D-4658-98EB-D41CD770FC37}.Debug|Any CPU.ActiveCfg = Debug|Any CPU
		{9A05CCCB-1C0D-4658-98EB-D41CD770FC37}.Debug|Any CPU.Build.0 = Debug|Any CPU
		{9A05CCCB-1C0D-4658-98EB-D41CD770FC37}.Release|Any CPU.ActiveCfg = Release|Any CPU
		{9A05CCCB-1C0D-4658-98EB-D41CD770FC37}.Release|Any CPU.Build.0 = Release|Any CPU
		{56D1E5A0-2129-4FFD-9BA8-A49DD49A21D9}.Debug|Any CPU.ActiveCfg = Debug|Any CPU
		{56D1E5A0-2129-4FFD-9BA8-A49DD49A21D9}.Debug|Any CPU.Build.0 = Debug|Any CPU
		{56D1E5A0-2129-4FFD-9BA8-A49DD49A21D9}.Release|Any CPU.ActiveCfg = Release|Any CPU
		{56D1E5A0-2129-4FFD-9BA8-A49DD49A21D9}.Release|Any CPU.Build.0 = Release|Any CPU
		{48AEA5F6-786F-44C6-80B7-286AFA50DD48}.Debug|Any CPU.ActiveCfg = Debug|Any CPU
		{48AEA5F6-786F-44C6-80B7-286AFA50DD48}.Debug|Any CPU.Build.0 = Debug|Any CPU
		{48AEA5F6-786F-44C6-80B7-286AFA50DD48}.Release|Any CPU.ActiveCfg = Release|Any CPU
		{48AEA5F6-786F-44C6-80B7-286AFA50DD48}.Release|Any CPU.Build.0 = Release|Any CPU
		{EA1E846C-625B-4524-A23F-19C8C84869B2}.Debug|Any CPU.ActiveCfg = Debug|Any CPU
		{EA1E846C-625B-4524-A23F-19C8C84869B2}.Debug|Any CPU.Build.0 = Debug|Any CPU
		{EA1E846C-625B-4524-A23F-19C8C84869B2}.Release|Any CPU.ActiveCfg = Release|Any CPU
		{EA1E846C-625B-4524-A23F-19C8C84869B2}.Release|Any CPU.Build.0 = Release|Any CPU
		{F96B8491-CD88-4D27-BB23-91A1A8BB5A1A}.Debug|Any CPU.ActiveCfg = Debug|Any CPU
		{F96B8491-CD88-4D27-BB23-91A1A8BB5A1A}.Debug|Any CPU.Build.0 = Debug|Any CPU
		{F96B8491-CD88-4D27-BB23-91A1A8BB5A1A}.Release|Any CPU.ActiveCfg = Release|Any CPU
		{F96B8491-CD88-4D27-BB23-91A1A8BB5A1A}.Release|Any CPU.Build.0 = Release|Any CPU
		{2EB0C161-EEAB-4332-BE74-E264FDA4F7F3}.Debug|Any CPU.ActiveCfg = Debug|Any CPU
		{2EB0C161-EEAB-4332-BE74-E264FDA4F7F3}.Debug|Any CPU.Build.0 = Debug|Any CPU
		{2EB0C161-EEAB-4332-BE74-E264FDA4F7F3}.Release|Any CPU.ActiveCfg = Release|Any CPU
		{2EB0C161-EEAB-4332-BE74-E264FDA4F7F3}.Release|Any CPU.Build.0 = Release|Any CPU
		{11A6C667-6A91-49FD-9D23-A5A2625FA7E4}.Debug|Any CPU.ActiveCfg = Debug|Any CPU
		{11A6C667-6A91-49FD-9D23-A5A2625FA7E4}.Debug|Any CPU.Build.0 = Debug|Any CPU
		{11A6C667-6A91-49FD-9D23-A5A2625FA7E4}.Release|Any CPU.ActiveCfg = Release|Any CPU
		{11A6C667-6A91-49FD-9D23-A5A2625FA7E4}.Release|Any CPU.Build.0 = Release|Any CPU
		{C3ED94D4-F934-40FF-9C49-C24D7FD884F2}.Debug|Any CPU.ActiveCfg = Debug|Any CPU
		{C3ED94D4-F934-40FF-9C49-C24D7FD884F2}.Debug|Any CPU.Build.0 = Debug|Any CPU
		{C3ED94D4-F934-40FF-9C49-C24D7FD884F2}.Release|Any CPU.ActiveCfg = Release|Any CPU
		{C3ED94D4-F934-40FF-9C49-C24D7FD884F2}.Release|Any CPU.Build.0 = Release|Any CPU
		{59036E02-C248-4452-955E-83B74748A710}.Debug|Any CPU.ActiveCfg = Debug|Any CPU
		{59036E02-C248-4452-955E-83B74748A710}.Debug|Any CPU.Build.0 = Debug|Any CPU
		{59036E02-C248-4452-955E-83B74748A710}.Release|Any CPU.ActiveCfg = Release|Any CPU
		{59036E02-C248-4452-955E-83B74748A710}.Release|Any CPU.Build.0 = Release|Any CPU
		{CEAE5D9C-81EB-4C6F-8037-20E1E6EA44B2}.Debug|Any CPU.ActiveCfg = Debug|Any CPU
		{CEAE5D9C-81EB-4C6F-8037-20E1E6EA44B2}.Debug|Any CPU.Build.0 = Debug|Any CPU
		{CEAE5D9C-81EB-4C6F-8037-20E1E6EA44B2}.Release|Any CPU.ActiveCfg = Release|Any CPU
		{CEAE5D9C-81EB-4C6F-8037-20E1E6EA44B2}.Release|Any CPU.Build.0 = Release|Any CPU
		{0F403ECF-9DD6-4BF8-8724-E15BA4327A48}.Debug|Any CPU.ActiveCfg = Debug|Any CPU
		{0F403ECF-9DD6-4BF8-8724-E15BA4327A48}.Debug|Any CPU.Build.0 = Debug|Any CPU
		{0F403ECF-9DD6-4BF8-8724-E15BA4327A48}.Release|Any CPU.ActiveCfg = Release|Any CPU
		{0F403ECF-9DD6-4BF8-8724-E15BA4327A48}.Release|Any CPU.Build.0 = Release|Any CPU
		{797DA9AA-AEEA-46C1-A942-5871531DBFFB}.Debug|Any CPU.ActiveCfg = Debug|Any CPU
		{797DA9AA-AEEA-46C1-A942-5871531DBFFB}.Debug|Any CPU.Build.0 = Debug|Any CPU
		{797DA9AA-AEEA-46C1-A942-5871531DBFFB}.Release|Any CPU.ActiveCfg = Release|Any CPU
		{797DA9AA-AEEA-46C1-A942-5871531DBFFB}.Release|Any CPU.Build.0 = Release|Any CPU
		{EFFCB65A-5F16-473F-8433-0308DF233764}.Debug|Any CPU.ActiveCfg = Debug|Any CPU
		{EFFCB65A-5F16-473F-8433-0308DF233764}.Debug|Any CPU.Build.0 = Debug|Any CPU
		{EFFCB65A-5F16-473F-8433-0308DF233764}.Release|Any CPU.ActiveCfg = Release|Any CPU
		{EFFCB65A-5F16-473F-8433-0308DF233764}.Release|Any CPU.Build.0 = Release|Any CPU
		{2C886136-3F37-46E1-9E6D-7C0411A59E0A}.Debug|Any CPU.ActiveCfg = Debug|Any CPU
		{2C886136-3F37-46E1-9E6D-7C0411A59E0A}.Debug|Any CPU.Build.0 = Debug|Any CPU
		{2C886136-3F37-46E1-9E6D-7C0411A59E0A}.Release|Any CPU.ActiveCfg = Release|Any CPU
		{2C886136-3F37-46E1-9E6D-7C0411A59E0A}.Release|Any CPU.Build.0 = Release|Any CPU
		{2A3F4D6D-2E5C-4AAE-A247-710921CBB1DD}.Debug|Any CPU.ActiveCfg = Debug|Any CPU
		{2A3F4D6D-2E5C-4AAE-A247-710921CBB1DD}.Debug|Any CPU.Build.0 = Debug|Any CPU
		{2A3F4D6D-2E5C-4AAE-A247-710921CBB1DD}.Release|Any CPU.ActiveCfg = Release|Any CPU
		{2A3F4D6D-2E5C-4AAE-A247-710921CBB1DD}.Release|Any CPU.Build.0 = Release|Any CPU
		{B551FB37-435E-45CF-B557-35832DCEAA0F}.Debug|Any CPU.ActiveCfg = Debug|Any CPU
		{B551FB37-435E-45CF-B557-35832DCEAA0F}.Debug|Any CPU.Build.0 = Debug|Any CPU
		{B551FB37-435E-45CF-B557-35832DCEAA0F}.Release|Any CPU.ActiveCfg = Release|Any CPU
		{B551FB37-435E-45CF-B557-35832DCEAA0F}.Release|Any CPU.Build.0 = Release|Any CPU
		{63C65C01-F1FC-482D-A50F-03DA7FE5C7F4}.Debug|Any CPU.ActiveCfg = Debug|Any CPU
		{63C65C01-F1FC-482D-A50F-03DA7FE5C7F4}.Debug|Any CPU.Build.0 = Debug|Any CPU
		{63C65C01-F1FC-482D-A50F-03DA7FE5C7F4}.Release|Any CPU.ActiveCfg = Release|Any CPU
		{63C65C01-F1FC-482D-A50F-03DA7FE5C7F4}.Release|Any CPU.Build.0 = Release|Any CPU
		{327F89E6-F562-494B-9453-F882AD793236}.Debug|Any CPU.ActiveCfg = Debug|Any CPU
		{327F89E6-F562-494B-9453-F882AD793236}.Debug|Any CPU.Build.0 = Debug|Any CPU
		{327F89E6-F562-494B-9453-F882AD793236}.Release|Any CPU.ActiveCfg = Release|Any CPU
		{327F89E6-F562-494B-9453-F882AD793236}.Release|Any CPU.Build.0 = Release|Any CPU
		{47C2298B-B9A2-4C4F-AB18-AB12395A00C4}.Debug|Any CPU.ActiveCfg = Debug|Any CPU
		{47C2298B-B9A2-4C4F-AB18-AB12395A00C4}.Debug|Any CPU.Build.0 = Debug|Any CPU
		{47C2298B-B9A2-4C4F-AB18-AB12395A00C4}.Release|Any CPU.ActiveCfg = Release|Any CPU
		{47C2298B-B9A2-4C4F-AB18-AB12395A00C4}.Release|Any CPU.Build.0 = Release|Any CPU
		{F711CFAE-2045-42BD-B501-A4EE4414B2FD}.Debug|Any CPU.ActiveCfg = Debug|Any CPU
		{F711CFAE-2045-42BD-B501-A4EE4414B2FD}.Debug|Any CPU.Build.0 = Debug|Any CPU
		{F711CFAE-2045-42BD-B501-A4EE4414B2FD}.Release|Any CPU.ActiveCfg = Release|Any CPU
		{F711CFAE-2045-42BD-B501-A4EE4414B2FD}.Release|Any CPU.Build.0 = Release|Any CPU
		{66D07EFA-A2B5-40E6-AFE2-DFDA5AC2B641}.Debug|Any CPU.ActiveCfg = Debug|Any CPU
		{66D07EFA-A2B5-40E6-AFE2-DFDA5AC2B641}.Debug|Any CPU.Build.0 = Debug|Any CPU
		{66D07EFA-A2B5-40E6-AFE2-DFDA5AC2B641}.Release|Any CPU.ActiveCfg = Release|Any CPU
		{66D07EFA-A2B5-40E6-AFE2-DFDA5AC2B641}.Release|Any CPU.Build.0 = Release|Any CPU
		{CFB8FACE-7D04-434C-95B9-91DDE317BDC5}.Debug|Any CPU.ActiveCfg = Debug|Any CPU
		{CFB8FACE-7D04-434C-95B9-91DDE317BDC5}.Debug|Any CPU.Build.0 = Debug|Any CPU
		{CFB8FACE-7D04-434C-95B9-91DDE317BDC5}.Release|Any CPU.ActiveCfg = Release|Any CPU
		{CFB8FACE-7D04-434C-95B9-91DDE317BDC5}.Release|Any CPU.Build.0 = Release|Any CPU
		{BC076941-7549-41A0-8087-D8C0F4D95C9C}.Debug|Any CPU.ActiveCfg = Debug|Any CPU
		{BC076941-7549-41A0-8087-D8C0F4D95C9C}.Debug|Any CPU.Build.0 = Debug|Any CPU
		{BC076941-7549-41A0-8087-D8C0F4D95C9C}.Release|Any CPU.ActiveCfg = Release|Any CPU
		{BC076941-7549-41A0-8087-D8C0F4D95C9C}.Release|Any CPU.Build.0 = Release|Any CPU
		{CA4B308A-DB04-4341-8AB9-A564E385E493}.Debug|Any CPU.ActiveCfg = Debug|Any CPU
		{CA4B308A-DB04-4341-8AB9-A564E385E493}.Debug|Any CPU.Build.0 = Debug|Any CPU
		{CA4B308A-DB04-4341-8AB9-A564E385E493}.Release|Any CPU.ActiveCfg = Release|Any CPU
		{CA4B308A-DB04-4341-8AB9-A564E385E493}.Release|Any CPU.Build.0 = Release|Any CPU
		{34B3EFB4-24B4-4513-8767-729EC3D079F5}.Debug|Any CPU.ActiveCfg = Debug|Any CPU
		{34B3EFB4-24B4-4513-8767-729EC3D079F5}.Debug|Any CPU.Build.0 = Debug|Any CPU
		{34B3EFB4-24B4-4513-8767-729EC3D079F5}.Release|Any CPU.ActiveCfg = Release|Any CPU
		{34B3EFB4-24B4-4513-8767-729EC3D079F5}.Release|Any CPU.Build.0 = Release|Any CPU
		{F7FB7B36-393B-473B-80B8-FC3402F5E190}.Debug|Any CPU.ActiveCfg = Debug|Any CPU
		{F7FB7B36-393B-473B-80B8-FC3402F5E190}.Debug|Any CPU.Build.0 = Debug|Any CPU
		{F7FB7B36-393B-473B-80B8-FC3402F5E190}.Release|Any CPU.ActiveCfg = Release|Any CPU
		{F7FB7B36-393B-473B-80B8-FC3402F5E190}.Release|Any CPU.Build.0 = Release|Any CPU
		{A4738410-C19D-4790-97A6-4467475BA7DF}.Debug|Any CPU.ActiveCfg = Debug|Any CPU
		{A4738410-C19D-4790-97A6-4467475BA7DF}.Debug|Any CPU.Build.0 = Debug|Any CPU
		{A4738410-C19D-4790-97A6-4467475BA7DF}.Release|Any CPU.ActiveCfg = Release|Any CPU
		{A4738410-C19D-4790-97A6-4467475BA7DF}.Release|Any CPU.Build.0 = Release|Any CPU
		{90D4FF46-9D43-4864-9A76-B18B381E3866}.Debug|Any CPU.ActiveCfg = Debug|Any CPU
		{90D4FF46-9D43-4864-9A76-B18B381E3866}.Debug|Any CPU.Build.0 = Debug|Any CPU
		{90D4FF46-9D43-4864-9A76-B18B381E3866}.Release|Any CPU.ActiveCfg = Release|Any CPU
		{90D4FF46-9D43-4864-9A76-B18B381E3866}.Release|Any CPU.Build.0 = Release|Any CPU
		{CA7C041C-D4B8-4D42-B4D6-121C3AC6AED4}.Debug|Any CPU.ActiveCfg = Debug|Any CPU
		{CA7C041C-D4B8-4D42-B4D6-121C3AC6AED4}.Debug|Any CPU.Build.0 = Debug|Any CPU
		{CA7C041C-D4B8-4D42-B4D6-121C3AC6AED4}.Release|Any CPU.ActiveCfg = Release|Any CPU
		{CA7C041C-D4B8-4D42-B4D6-121C3AC6AED4}.Release|Any CPU.Build.0 = Release|Any CPU
		{772C93CB-D3EE-4158-932D-3D2675F74887}.Debug|Any CPU.ActiveCfg = Debug|Any CPU
		{772C93CB-D3EE-4158-932D-3D2675F74887}.Debug|Any CPU.Build.0 = Debug|Any CPU
		{772C93CB-D3EE-4158-932D-3D2675F74887}.Release|Any CPU.ActiveCfg = Release|Any CPU
		{772C93CB-D3EE-4158-932D-3D2675F74887}.Release|Any CPU.Build.0 = Release|Any CPU
		{B6E238A8-5A87-4161-98D3-C4D4C17397CD}.Debug|Any CPU.ActiveCfg = Debug|Any CPU
		{B6E238A8-5A87-4161-98D3-C4D4C17397CD}.Debug|Any CPU.Build.0 = Debug|Any CPU
		{B6E238A8-5A87-4161-98D3-C4D4C17397CD}.Release|Any CPU.ActiveCfg = Release|Any CPU
		{B6E238A8-5A87-4161-98D3-C4D4C17397CD}.Release|Any CPU.Build.0 = Release|Any CPU
		{77D2B407-F2D0-4F20-ACC7-2F685FB83AFD}.Debug|Any CPU.ActiveCfg = Debug|Any CPU
		{77D2B407-F2D0-4F20-ACC7-2F685FB83AFD}.Debug|Any CPU.Build.0 = Debug|Any CPU
		{77D2B407-F2D0-4F20-ACC7-2F685FB83AFD}.Release|Any CPU.ActiveCfg = Release|Any CPU
		{77D2B407-F2D0-4F20-ACC7-2F685FB83AFD}.Release|Any CPU.Build.0 = Release|Any CPU
		{D1970004-52C2-4A9C-810F-A42F94E02DDC}.Debug|Any CPU.ActiveCfg = Debug|Any CPU
		{D1970004-52C2-4A9C-810F-A42F94E02DDC}.Debug|Any CPU.Build.0 = Debug|Any CPU
		{D1970004-52C2-4A9C-810F-A42F94E02DDC}.Release|Any CPU.ActiveCfg = Release|Any CPU
		{D1970004-52C2-4A9C-810F-A42F94E02DDC}.Release|Any CPU.Build.0 = Release|Any CPU
		{14DAFBC7-EDEF-48C3-8272-9ACEE703CA62}.Debug|Any CPU.ActiveCfg = Debug|Any CPU
		{14DAFBC7-EDEF-48C3-8272-9ACEE703CA62}.Debug|Any CPU.Build.0 = Debug|Any CPU
		{14DAFBC7-EDEF-48C3-8272-9ACEE703CA62}.Release|Any CPU.ActiveCfg = Release|Any CPU
		{14DAFBC7-EDEF-48C3-8272-9ACEE703CA62}.Release|Any CPU.Build.0 = Release|Any CPU
		{47E9C423-7E47-42BC-8548-182CC7C2451C}.Debug|Any CPU.ActiveCfg = Debug|Any CPU
		{47E9C423-7E47-42BC-8548-182CC7C2451C}.Debug|Any CPU.Build.0 = Debug|Any CPU
		{47E9C423-7E47-42BC-8548-182CC7C2451C}.Release|Any CPU.ActiveCfg = Release|Any CPU
		{47E9C423-7E47-42BC-8548-182CC7C2451C}.Release|Any CPU.Build.0 = Release|Any CPU
	EndGlobalSection
	GlobalSection(SolutionProperties) = preSolution
		HideSolutionNode = FALSE
	EndGlobalSection
	GlobalSection(ExtensibilityGlobals) = postSolution
		SolutionGuid = {A7F9C8BE-2A00-4F05-9B71-49FB77263DD6}
	EndGlobalSection
EndGlobal
